
Microsoft Visual Studio Solution File, Format Version 12.00
# Visual Studio 14
VisualStudioVersion = 14.0.25420.1
MinimumVisualStudioVersion = 10.0.40219.1
Project("{2150E333-8FDC-42A3-9474-1A3956D46DE8}") = "Data", "Data", "{A8099A98-CC48-485A-9FC8-21C6479370BF}"
EndProject
Project("{FAE04EC0-301F-11D3-BF4B-00C04F79EFBC}") = "Fireasy.Data", "Fireasy.Data\Fireasy.Data.csproj", "{28AED611-D2E8-4CE9-BC30-FAF5B8FF0EFC}"
EndProject
Project("{2150E333-8FDC-42A3-9474-1A3956D46DE8}") = "Common", "Common", "{94E3E76E-169D-442E-B30A-C842EDD8D288}"
EndProject
Project("{FAE04EC0-301F-11D3-BF4B-00C04F79EFBC}") = "Fireasy.Common", "Fireasy.Common\Fireasy.Common.csproj", "{0DB77BAB-B4FB-40C6-A2EF-2BE8A4D69884}"
EndProject
Project("{FAE04EC0-301F-11D3-BF4B-00C04F79EFBC}") = "Fireasy.Data.Entity", "Fireasy.Data.Entity\Fireasy.Data.Entity.csproj", "{E7F5E55D-9D1E-43A2-9EC0-7770B6AA9D57}"
EndProject
Project("{2150E333-8FDC-42A3-9474-1A3956D46DE8}") = "Tests", "Tests", "{B6F78F1B-570C-43AD-9A25-8FAD9C2919D6}"
EndProject
Project("{FAE04EC0-301F-11D3-BF4B-00C04F79EFBC}") = "Fireasy.CommonTests", "Fireasy.CommonTests\Fireasy.CommonTests.csproj", "{F1BF8FF4-D3D6-41D0-94C0-244940D425BA}"
EndProject
Project("{2150E333-8FDC-42A3-9474-1A3956D46DE8}") = "Web", "Web", "{D0028E7C-1301-46E5-8590-E494AF59081F}"
EndProject
Project("{FAE04EC0-301F-11D3-BF4B-00C04F79EFBC}") = "Fireasy.DataTests", "Fireasy.DataTests\Fireasy.DataTests.csproj", "{A7063A78-F742-4941-954B-064AB675EF35}"
EndProject
Project("{FAE04EC0-301F-11D3-BF4B-00C04F79EFBC}") = "Fireasy.Data.EntityTests", "Fireasy.Data.EntityTests\Fireasy.Data.EntityTests.csproj", "{CF570271-75F4-4900-9457-3F502BB794DF}"
EndProject
Project("{2150E333-8FDC-42A3-9474-1A3956D46DE8}") = "Winform", "Winform", "{952FCFD6-4E53-47F9-ABD2-1FD32212F06B}"
EndProject
Project("{FAE04EC0-301F-11D3-BF4B-00C04F79EFBC}") = "Fireasy.Windows", "Fireasy.Windows\Fireasy.Windows.csproj", "{524484D8-0C2D-428A-8482-8042A0C4FDDE}"
EndProject
Project("{FAE04EC0-301F-11D3-BF4B-00C04F79EFBC}") = "Fireasy.Windows.Forms", "Fireasy.Windows.Forms\Fireasy.Windows.Forms.csproj", "{92F83A09-4848-4D84-A5EE-48F397ADEADA}"
EndProject
Project("{FAE04EC0-301F-11D3-BF4B-00C04F79EFBC}") = "Fireasy.Windows.FormsTests", "Fireasy.Windows.FormsTests\Fireasy.Windows.FormsTests.csproj", "{3038DF26-B67C-49FD-A8F0-D45945CFA577}"
EndProject
Project("{FAE04EC0-301F-11D3-BF4B-00C04F79EFBC}") = "Fireasy.Data.Validation", "Fireasy.Data.Validation\Fireasy.Data.Validation.csproj", "{FC84C432-37AB-4DC6-83DB-36711AB13CE4}"
EndProject
Project("{FAE04EC0-301F-11D3-BF4B-00C04F79EFBC}") = "Fireasy.Windows.Entity", "Fireasy.Windows.Entity\Fireasy.Windows.Entity.csproj", "{31713B5D-B7ED-4CA4-8648-F1C8A1298449}"
EndProject
Project("{FAE04EC0-301F-11D3-BF4B-00C04F79EFBC}") = "Fireasy.Windows.EntityTests", "Fireasy.Windows.EntityTests\Fireasy.Windows.EntityTests.csproj", "{AEAC5BBA-674E-4F57-B9C3-A3C84C06C7E6}"
EndProject
Project("{FAE04EC0-301F-11D3-BF4B-00C04F79EFBC}") = "Fireasy.Web", "Fireasy.Web\Fireasy.Web.csproj", "{CB706435-99D5-4518-8419-E549B2FA6312}"
EndProject
Project("{FAE04EC0-301F-11D3-BF4B-00C04F79EFBC}") = "Fireasy.EasyUI", "Fireasy.EasyUI\Fireasy.EasyUI.csproj", "{14B63566-CBE7-4119-9D1D-49A1C047816D}"
EndProject
Project("{FAE04EC0-301F-11D3-BF4B-00C04F79EFBC}") = "Fireasy.WebTests", "Fireasy.WebTests\Fireasy.WebTests.csproj", "{1F255E59-DA57-435A-B2F6-1B7322323B56}"
EndProject
Project("{FAE04EC0-301F-11D3-BF4B-00C04F79EFBC}") = "Fireasy.Assembly", "Fireasy.Assembly\Fireasy.Assembly.csproj", "{30C7671E-F63B-47C5-A4A7-372F69794E05}"
EndProject
Project("{FAE04EC0-301F-11D3-BF4B-00C04F79EFBC}") = "Fireasy.Utilities.Web", "Fireasy.Utilities.Web\Fireasy.Utilities.Web.csproj", "{20170C8D-7590-4428-A0B5-F91F97E107DA}"
EndProject
Project("{2150E333-8FDC-42A3-9474-1A3956D46DE8}") = "Utilities", "Utilities", "{A672DD70-B7F5-42F2-894E-E8F9DA52A253}"
EndProject
Project("{FAE04EC0-301F-11D3-BF4B-00C04F79EFBC}") = "Fireasy.Web.Mvc", "Fireasy.Web.Mvc\Fireasy.Web.Mvc.csproj", "{4F813935-EC69-4110-B179-D7F43FE772A5}"
EndProject
Project("{FAE04EC0-301F-11D3-BF4B-00C04F79EFBC}") = "Fireasy.EasyUI.Mvc", "Fireasy.EasyUI.Mvc\Fireasy.EasyUI.Mvc.csproj", "{666F4B6A-5C3B-4A7D-A700-A8AFD0CFD11E}"
EndProject
Project("{2150E333-8FDC-42A3-9474-1A3956D46DE8}") = "Impl", "Impl", "{21A9540D-049C-48A9-BD93-0CEA0FBF03BC}"
EndProject
Project("{FAE04EC0-301F-11D3-BF4B-00C04F79EFBC}") = "Fireasy.Redis", "Fireasy.Redis\Fireasy.Redis.csproj", "{D1DAB298-8B45-40EE-A4B0-230A01D24F75}"
EndProject
Project("{FAE04EC0-301F-11D3-BF4B-00C04F79EFBC}") = "Fireasy.RedisTests", "Fireasy.RedisTests\Fireasy.RedisTests.csproj", "{BCF3896F-A537-4D74-AF85-D53607D0CC02}"
EndProject
Project("{FAE04EC0-301F-11D3-BF4B-00C04F79EFBC}") = "Fireasy.Log4net", "Fireasy.Log4net\Fireasy.Log4net.csproj", "{6B388BA1-E4FC-4D54-8EF9-C13A024DB951}"
EndProject
Project("{FAE04EC0-301F-11D3-BF4B-00C04F79EFBC}") = "Fireasy.Log4netTests", "Fireasy.Log4netTests\Fireasy.Log4netTests.csproj", "{28D97F16-8EF6-4A80-8815-19A6ED5E2970}"
EndProject
Project("{2150E333-8FDC-42A3-9474-1A3956D46DE8}") = "documents", "documents", "{F64BA300-3D9E-4A70-8097-AA21783ED6F4}"
EndProject
Project("{2150E333-8FDC-42A3-9474-1A3956D46DE8}") = "db", "db", "{2C14EB65-8022-4C09-9957-DFF8A18140BC}"
	ProjectSection(SolutionItems) = preProject
		documents\db\db.xls = documents\db\db.xls
		documents\db\fireasy.db = documents\db\fireasy.db
		documents\db\Northwind.accdb = documents\db\Northwind.accdb
		documents\db\northwind.db3 = documents\db\northwind.db3
		documents\db\NORTHWIND.FDB = documents\db\NORTHWIND.FDB
		documents\db\Northwind.mdb = documents\db\Northwind.mdb
		documents\db\Northwind.mdf = documents\db\Northwind.mdf
		documents\db\Northwind.sdf = documents\db\Northwind.sdf
		documents\db\Northwind.sl3 = documents\db\Northwind.sl3
		documents\db\Northwind_log.ldf = documents\db\Northwind_log.ldf
	EndProjectSection
EndProject
Project("{2150E333-8FDC-42A3-9474-1A3956D46DE8}") = "db-sql", "db-sql", "{77489FA9-F939-49C9-978F-31891C86BD60}"
	ProjectSection(SolutionItems) = preProject
		documents\db-sql\mssql.sql = documents\db-sql\mssql.sql
		documents\db-sql\mysql.sql = documents\db-sql\mysql.sql
		documents\db-sql\northwind_mysql.sql = documents\db-sql\northwind_mysql.sql
		documents\db-sql\northwind_oracle.sql = documents\db-sql\northwind_oracle.sql
		documents\db-sql\northwind_sqlite.sql = documents\db-sql\northwind_sqlite.sql
		documents\db-sql\oracle.sql = documents\db-sql\oracle.sql
		documents\db-sql\sqlite.sql = documents\db-sql\sqlite.sql
	EndProjectSection
EndProject
Project("{2150E333-8FDC-42A3-9474-1A3956D46DE8}") = "update", "update", "{FC11BDA2-74AF-4F25-8082-707CCEE96922}"
	ProjectSection(SolutionItems) = preProject
		documents\update\更新说明.txt = documents\update\更新说明.txt
	EndProjectSection
EndProject
Project("{2150E333-8FDC-42A3-9474-1A3956D46DE8}") = "lib", "lib", "{B625B262-780F-457D-9AA2-3029DDB821A8}"
	ProjectSection(SolutionItems) = preProject
		documents\lib\Microsoft.Web.Infrastructure.dll = documents\lib\Microsoft.Web.Infrastructure.dll
		documents\lib\System.Web.Mvc.dll = documents\lib\System.Web.Mvc.dll
		documents\lib\System.Web.Mvc.xml = documents\lib\System.Web.Mvc.xml
		documents\lib\System.Web.Optimization.dll = documents\lib\System.Web.Optimization.dll
		documents\lib\System.Web.WebPages.Razor.dll = documents\lib\System.Web.WebPages.Razor.dll
	EndProjectSection
EndProject
Project("{FAE04EC0-301F-11D3-BF4B-00C04F79EFBC}") = "MvcDemo", "demo\MvcDemo\MvcDemo.csproj", "{690E2BC3-2461-4242-B5E0-79851F960D4D}"
EndProject
Project("{2150E333-8FDC-42A3-9474-1A3956D46DE8}") = "Demo", "Demo", "{9765E4EA-DCD3-42BA-BFD8-B7BA073B09CD}"
EndProject
Project("{FAE04EC0-301F-11D3-BF4B-00C04F79EFBC}") = "Demo.Data", "demo\Demo.Data\Demo.Data.csproj", "{2FCDF54E-09B1-4E01-B1B4-870CFB355502}"
EndProject
Global
	GlobalSection(SolutionConfigurationPlatforms) = preSolution
		Debug|Any CPU = Debug|Any CPU
		Debug|Mixed Platforms = Debug|Mixed Platforms
		Debug|x86 = Debug|x86
		N35|Any CPU = N35|Any CPU
		N35|Mixed Platforms = N35|Mixed Platforms
		N35|x86 = N35|x86
		N40|Any CPU = N40|Any CPU
		N40|Mixed Platforms = N40|Mixed Platforms
		N40|x86 = N40|x86
		N45|Any CPU = N45|Any CPU
		N45|Mixed Platforms = N45|Mixed Platforms
		N45|x86 = N45|x86
		Release|Any CPU = Release|Any CPU
		Release|Mixed Platforms = Release|Mixed Platforms
		Release|x86 = Release|x86
	EndGlobalSection
	GlobalSection(ProjectConfigurationPlatforms) = postSolution
		{28AED611-D2E8-4CE9-BC30-FAF5B8FF0EFC}.Debug|Any CPU.ActiveCfg = Debug|Any CPU
		{28AED611-D2E8-4CE9-BC30-FAF5B8FF0EFC}.Debug|Any CPU.Build.0 = Debug|Any CPU
		{28AED611-D2E8-4CE9-BC30-FAF5B8FF0EFC}.Debug|Mixed Platforms.ActiveCfg = Debug|Any CPU
		{28AED611-D2E8-4CE9-BC30-FAF5B8FF0EFC}.Debug|Mixed Platforms.Build.0 = Debug|Any CPU
		{28AED611-D2E8-4CE9-BC30-FAF5B8FF0EFC}.Debug|x86.ActiveCfg = Debug|Any CPU
		{28AED611-D2E8-4CE9-BC30-FAF5B8FF0EFC}.N35|Any CPU.ActiveCfg = N35|Any CPU
		{28AED611-D2E8-4CE9-BC30-FAF5B8FF0EFC}.N35|Any CPU.Build.0 = N35|Any CPU
		{28AED611-D2E8-4CE9-BC30-FAF5B8FF0EFC}.N35|Mixed Platforms.ActiveCfg = N35|Any CPU
		{28AED611-D2E8-4CE9-BC30-FAF5B8FF0EFC}.N35|Mixed Platforms.Build.0 = N35|Any CPU
		{28AED611-D2E8-4CE9-BC30-FAF5B8FF0EFC}.N35|x86.ActiveCfg = N35|Any CPU
		{28AED611-D2E8-4CE9-BC30-FAF5B8FF0EFC}.N40|Any CPU.ActiveCfg = N40|Any CPU
		{28AED611-D2E8-4CE9-BC30-FAF5B8FF0EFC}.N40|Any CPU.Build.0 = N40|Any CPU
		{28AED611-D2E8-4CE9-BC30-FAF5B8FF0EFC}.N40|Mixed Platforms.ActiveCfg = N40|Any CPU
		{28AED611-D2E8-4CE9-BC30-FAF5B8FF0EFC}.N40|Mixed Platforms.Build.0 = N40|Any CPU
		{28AED611-D2E8-4CE9-BC30-FAF5B8FF0EFC}.N40|x86.ActiveCfg = N40|Any CPU
		{28AED611-D2E8-4CE9-BC30-FAF5B8FF0EFC}.N45|Any CPU.ActiveCfg = N45|Any CPU
		{28AED611-D2E8-4CE9-BC30-FAF5B8FF0EFC}.N45|Any CPU.Build.0 = N45|Any CPU
		{28AED611-D2E8-4CE9-BC30-FAF5B8FF0EFC}.N45|Mixed Platforms.ActiveCfg = N45|Any CPU
		{28AED611-D2E8-4CE9-BC30-FAF5B8FF0EFC}.N45|Mixed Platforms.Build.0 = N45|Any CPU
		{28AED611-D2E8-4CE9-BC30-FAF5B8FF0EFC}.N45|x86.ActiveCfg = N45|Any CPU
		{28AED611-D2E8-4CE9-BC30-FAF5B8FF0EFC}.Release|Any CPU.ActiveCfg = Release|Any CPU
		{28AED611-D2E8-4CE9-BC30-FAF5B8FF0EFC}.Release|Any CPU.Build.0 = Release|Any CPU
		{28AED611-D2E8-4CE9-BC30-FAF5B8FF0EFC}.Release|Mixed Platforms.ActiveCfg = Release|Any CPU
		{28AED611-D2E8-4CE9-BC30-FAF5B8FF0EFC}.Release|Mixed Platforms.Build.0 = Release|Any CPU
		{28AED611-D2E8-4CE9-BC30-FAF5B8FF0EFC}.Release|x86.ActiveCfg = Release|Any CPU
		{0DB77BAB-B4FB-40C6-A2EF-2BE8A4D69884}.Debug|Any CPU.ActiveCfg = Debug|Any CPU
		{0DB77BAB-B4FB-40C6-A2EF-2BE8A4D69884}.Debug|Any CPU.Build.0 = Debug|Any CPU
		{0DB77BAB-B4FB-40C6-A2EF-2BE8A4D69884}.Debug|Mixed Platforms.ActiveCfg = Debug|Any CPU
		{0DB77BAB-B4FB-40C6-A2EF-2BE8A4D69884}.Debug|Mixed Platforms.Build.0 = Debug|Any CPU
		{0DB77BAB-B4FB-40C6-A2EF-2BE8A4D69884}.Debug|x86.ActiveCfg = Debug|Any CPU
		{0DB77BAB-B4FB-40C6-A2EF-2BE8A4D69884}.N35|Any CPU.ActiveCfg = N35|Any CPU
		{0DB77BAB-B4FB-40C6-A2EF-2BE8A4D69884}.N35|Any CPU.Build.0 = N35|Any CPU
		{0DB77BAB-B4FB-40C6-A2EF-2BE8A4D69884}.N35|Mixed Platforms.ActiveCfg = N35|Any CPU
		{0DB77BAB-B4FB-40C6-A2EF-2BE8A4D69884}.N35|Mixed Platforms.Build.0 = N35|Any CPU
		{0DB77BAB-B4FB-40C6-A2EF-2BE8A4D69884}.N35|x86.ActiveCfg = N35|Any CPU
		{0DB77BAB-B4FB-40C6-A2EF-2BE8A4D69884}.N40|Any CPU.ActiveCfg = N40|Any CPU
		{0DB77BAB-B4FB-40C6-A2EF-2BE8A4D69884}.N40|Any CPU.Build.0 = N40|Any CPU
		{0DB77BAB-B4FB-40C6-A2EF-2BE8A4D69884}.N40|Mixed Platforms.ActiveCfg = N40|Any CPU
		{0DB77BAB-B4FB-40C6-A2EF-2BE8A4D69884}.N40|Mixed Platforms.Build.0 = N40|Any CPU
		{0DB77BAB-B4FB-40C6-A2EF-2BE8A4D69884}.N40|x86.ActiveCfg = N40|Any CPU
		{0DB77BAB-B4FB-40C6-A2EF-2BE8A4D69884}.N45|Any CPU.ActiveCfg = N45|Any CPU
		{0DB77BAB-B4FB-40C6-A2EF-2BE8A4D69884}.N45|Any CPU.Build.0 = N45|Any CPU
		{0DB77BAB-B4FB-40C6-A2EF-2BE8A4D69884}.N45|Mixed Platforms.ActiveCfg = N45|Any CPU
		{0DB77BAB-B4FB-40C6-A2EF-2BE8A4D69884}.N45|Mixed Platforms.Build.0 = N45|Any CPU
		{0DB77BAB-B4FB-40C6-A2EF-2BE8A4D69884}.N45|x86.ActiveCfg = N45|Any CPU
		{0DB77BAB-B4FB-40C6-A2EF-2BE8A4D69884}.Release|Any CPU.ActiveCfg = Release|Any CPU
		{0DB77BAB-B4FB-40C6-A2EF-2BE8A4D69884}.Release|Any CPU.Build.0 = Release|Any CPU
		{0DB77BAB-B4FB-40C6-A2EF-2BE8A4D69884}.Release|Mixed Platforms.ActiveCfg = Release|Any CPU
		{0DB77BAB-B4FB-40C6-A2EF-2BE8A4D69884}.Release|Mixed Platforms.Build.0 = Release|Any CPU
		{0DB77BAB-B4FB-40C6-A2EF-2BE8A4D69884}.Release|x86.ActiveCfg = Release|Any CPU
		{E7F5E55D-9D1E-43A2-9EC0-7770B6AA9D57}.Debug|Any CPU.ActiveCfg = Debug|Any CPU
		{E7F5E55D-9D1E-43A2-9EC0-7770B6AA9D57}.Debug|Any CPU.Build.0 = Debug|Any CPU
		{E7F5E55D-9D1E-43A2-9EC0-7770B6AA9D57}.Debug|Mixed Platforms.ActiveCfg = Debug|Any CPU
		{E7F5E55D-9D1E-43A2-9EC0-7770B6AA9D57}.Debug|Mixed Platforms.Build.0 = Debug|Any CPU
		{E7F5E55D-9D1E-43A2-9EC0-7770B6AA9D57}.Debug|x86.ActiveCfg = Debug|Any CPU
		{E7F5E55D-9D1E-43A2-9EC0-7770B6AA9D57}.N35|Any CPU.ActiveCfg = Release|Any CPU
		{E7F5E55D-9D1E-43A2-9EC0-7770B6AA9D57}.N35|Any CPU.Build.0 = Release|Any CPU
		{E7F5E55D-9D1E-43A2-9EC0-7770B6AA9D57}.N35|Mixed Platforms.ActiveCfg = N35|Any CPU
		{E7F5E55D-9D1E-43A2-9EC0-7770B6AA9D57}.N35|Mixed Platforms.Build.0 = N35|Any CPU
		{E7F5E55D-9D1E-43A2-9EC0-7770B6AA9D57}.N35|x86.ActiveCfg = Release|Any CPU
		{E7F5E55D-9D1E-43A2-9EC0-7770B6AA9D57}.N40|Any CPU.ActiveCfg = Release|Any CPU
		{E7F5E55D-9D1E-43A2-9EC0-7770B6AA9D57}.N40|Any CPU.Build.0 = Release|Any CPU
		{E7F5E55D-9D1E-43A2-9EC0-7770B6AA9D57}.N40|Mixed Platforms.ActiveCfg = N40|Any CPU
		{E7F5E55D-9D1E-43A2-9EC0-7770B6AA9D57}.N40|Mixed Platforms.Build.0 = N40|Any CPU
		{E7F5E55D-9D1E-43A2-9EC0-7770B6AA9D57}.N40|x86.ActiveCfg = Release|Any CPU
		{E7F5E55D-9D1E-43A2-9EC0-7770B6AA9D57}.N45|Any CPU.ActiveCfg = N45|Any CPU
		{E7F5E55D-9D1E-43A2-9EC0-7770B6AA9D57}.N45|Any CPU.Build.0 = N45|Any CPU
		{E7F5E55D-9D1E-43A2-9EC0-7770B6AA9D57}.N45|Mixed Platforms.ActiveCfg = N45|Any CPU
		{E7F5E55D-9D1E-43A2-9EC0-7770B6AA9D57}.N45|Mixed Platforms.Build.0 = N45|Any CPU
		{E7F5E55D-9D1E-43A2-9EC0-7770B6AA9D57}.N45|x86.ActiveCfg = N45|Any CPU
		{E7F5E55D-9D1E-43A2-9EC0-7770B6AA9D57}.Release|Any CPU.ActiveCfg = Release|Any CPU
		{E7F5E55D-9D1E-43A2-9EC0-7770B6AA9D57}.Release|Any CPU.Build.0 = Release|Any CPU
		{E7F5E55D-9D1E-43A2-9EC0-7770B6AA9D57}.Release|Mixed Platforms.ActiveCfg = Release|Any CPU
		{E7F5E55D-9D1E-43A2-9EC0-7770B6AA9D57}.Release|Mixed Platforms.Build.0 = Release|Any CPU
		{E7F5E55D-9D1E-43A2-9EC0-7770B6AA9D57}.Release|x86.ActiveCfg = Release|Any CPU
		{F1BF8FF4-D3D6-41D0-94C0-244940D425BA}.Debug|Any CPU.ActiveCfg = Debug|Any CPU
		{F1BF8FF4-D3D6-41D0-94C0-244940D425BA}.Debug|Any CPU.Build.0 = Debug|Any CPU
		{F1BF8FF4-D3D6-41D0-94C0-244940D425BA}.Debug|Mixed Platforms.ActiveCfg = Debug|Any CPU
		{F1BF8FF4-D3D6-41D0-94C0-244940D425BA}.Debug|Mixed Platforms.Build.0 = Debug|Any CPU
		{F1BF8FF4-D3D6-41D0-94C0-244940D425BA}.Debug|x86.ActiveCfg = Debug|Any CPU
		{F1BF8FF4-D3D6-41D0-94C0-244940D425BA}.N35|Any CPU.ActiveCfg = Release|Any CPU
		{F1BF8FF4-D3D6-41D0-94C0-244940D425BA}.N35|Any CPU.Build.0 = Release|Any CPU
		{F1BF8FF4-D3D6-41D0-94C0-244940D425BA}.N35|Mixed Platforms.ActiveCfg = Release|Any CPU
		{F1BF8FF4-D3D6-41D0-94C0-244940D425BA}.N35|Mixed Platforms.Build.0 = Release|Any CPU
		{F1BF8FF4-D3D6-41D0-94C0-244940D425BA}.N35|x86.ActiveCfg = Release|Any CPU
		{F1BF8FF4-D3D6-41D0-94C0-244940D425BA}.N40|Any CPU.ActiveCfg = Release|Any CPU
		{F1BF8FF4-D3D6-41D0-94C0-244940D425BA}.N40|Any CPU.Build.0 = Release|Any CPU
		{F1BF8FF4-D3D6-41D0-94C0-244940D425BA}.N40|Mixed Platforms.ActiveCfg = Release|Any CPU
		{F1BF8FF4-D3D6-41D0-94C0-244940D425BA}.N40|Mixed Platforms.Build.0 = Release|Any CPU
		{F1BF8FF4-D3D6-41D0-94C0-244940D425BA}.N40|x86.ActiveCfg = Release|Any CPU
		{F1BF8FF4-D3D6-41D0-94C0-244940D425BA}.N45|Any CPU.ActiveCfg = Release|Any CPU
		{F1BF8FF4-D3D6-41D0-94C0-244940D425BA}.N45|Any CPU.Build.0 = Release|Any CPU
		{F1BF8FF4-D3D6-41D0-94C0-244940D425BA}.N45|Mixed Platforms.ActiveCfg = Release|Any CPU
		{F1BF8FF4-D3D6-41D0-94C0-244940D425BA}.N45|Mixed Platforms.Build.0 = Release|Any CPU
		{F1BF8FF4-D3D6-41D0-94C0-244940D425BA}.N45|x86.ActiveCfg = Release|Any CPU
		{F1BF8FF4-D3D6-41D0-94C0-244940D425BA}.Release|Any CPU.ActiveCfg = Release|Any CPU
		{F1BF8FF4-D3D6-41D0-94C0-244940D425BA}.Release|Any CPU.Build.0 = Release|Any CPU
		{F1BF8FF4-D3D6-41D0-94C0-244940D425BA}.Release|Mixed Platforms.ActiveCfg = Release|Any CPU
		{F1BF8FF4-D3D6-41D0-94C0-244940D425BA}.Release|Mixed Platforms.Build.0 = Release|Any CPU
		{F1BF8FF4-D3D6-41D0-94C0-244940D425BA}.Release|x86.ActiveCfg = Release|Any CPU
		{A7063A78-F742-4941-954B-064AB675EF35}.Debug|Any CPU.ActiveCfg = Debug|Any CPU
		{A7063A78-F742-4941-954B-064AB675EF35}.Debug|Any CPU.Build.0 = Debug|Any CPU
		{A7063A78-F742-4941-954B-064AB675EF35}.Debug|Mixed Platforms.ActiveCfg = Debug|Any CPU
		{A7063A78-F742-4941-954B-064AB675EF35}.Debug|Mixed Platforms.Build.0 = Debug|Any CPU
		{A7063A78-F742-4941-954B-064AB675EF35}.Debug|x86.ActiveCfg = Debug|Any CPU
		{A7063A78-F742-4941-954B-064AB675EF35}.N35|Any CPU.ActiveCfg = Release|Any CPU
		{A7063A78-F742-4941-954B-064AB675EF35}.N35|Any CPU.Build.0 = Release|Any CPU
		{A7063A78-F742-4941-954B-064AB675EF35}.N35|Mixed Platforms.ActiveCfg = Release|Any CPU
		{A7063A78-F742-4941-954B-064AB675EF35}.N35|Mixed Platforms.Build.0 = Release|Any CPU
		{A7063A78-F742-4941-954B-064AB675EF35}.N35|x86.ActiveCfg = Release|Any CPU
		{A7063A78-F742-4941-954B-064AB675EF35}.N40|Any CPU.ActiveCfg = Release|Any CPU
		{A7063A78-F742-4941-954B-064AB675EF35}.N40|Any CPU.Build.0 = Release|Any CPU
		{A7063A78-F742-4941-954B-064AB675EF35}.N40|Mixed Platforms.ActiveCfg = Release|Any CPU
		{A7063A78-F742-4941-954B-064AB675EF35}.N40|Mixed Platforms.Build.0 = Release|Any CPU
		{A7063A78-F742-4941-954B-064AB675EF35}.N40|x86.ActiveCfg = Release|Any CPU
		{A7063A78-F742-4941-954B-064AB675EF35}.N45|Any CPU.ActiveCfg = Release|Any CPU
		{A7063A78-F742-4941-954B-064AB675EF35}.N45|Any CPU.Build.0 = Release|Any CPU
		{A7063A78-F742-4941-954B-064AB675EF35}.N45|Mixed Platforms.ActiveCfg = Release|Any CPU
		{A7063A78-F742-4941-954B-064AB675EF35}.N45|Mixed Platforms.Build.0 = Release|Any CPU
		{A7063A78-F742-4941-954B-064AB675EF35}.N45|x86.ActiveCfg = Release|Any CPU
		{A7063A78-F742-4941-954B-064AB675EF35}.Release|Any CPU.ActiveCfg = Release|Any CPU
		{A7063A78-F742-4941-954B-064AB675EF35}.Release|Any CPU.Build.0 = Release|Any CPU
		{A7063A78-F742-4941-954B-064AB675EF35}.Release|Mixed Platforms.ActiveCfg = Release|Any CPU
		{A7063A78-F742-4941-954B-064AB675EF35}.Release|Mixed Platforms.Build.0 = Release|Any CPU
		{A7063A78-F742-4941-954B-064AB675EF35}.Release|x86.ActiveCfg = Release|Any CPU
		{CF570271-75F4-4900-9457-3F502BB794DF}.Debug|Any CPU.ActiveCfg = Debug|Any CPU
		{CF570271-75F4-4900-9457-3F502BB794DF}.Debug|Any CPU.Build.0 = Debug|Any CPU
		{CF570271-75F4-4900-9457-3F502BB794DF}.Debug|Mixed Platforms.ActiveCfg = Debug|Any CPU
		{CF570271-75F4-4900-9457-3F502BB794DF}.Debug|Mixed Platforms.Build.0 = Debug|Any CPU
		{CF570271-75F4-4900-9457-3F502BB794DF}.Debug|x86.ActiveCfg = Debug|Any CPU
		{CF570271-75F4-4900-9457-3F502BB794DF}.N35|Any CPU.ActiveCfg = Release|Any CPU
		{CF570271-75F4-4900-9457-3F502BB794DF}.N35|Any CPU.Build.0 = Release|Any CPU
		{CF570271-75F4-4900-9457-3F502BB794DF}.N35|Mixed Platforms.ActiveCfg = Release|Any CPU
		{CF570271-75F4-4900-9457-3F502BB794DF}.N35|Mixed Platforms.Build.0 = Release|Any CPU
		{CF570271-75F4-4900-9457-3F502BB794DF}.N35|x86.ActiveCfg = Release|Any CPU
		{CF570271-75F4-4900-9457-3F502BB794DF}.N40|Any CPU.ActiveCfg = Release|Any CPU
		{CF570271-75F4-4900-9457-3F502BB794DF}.N40|Any CPU.Build.0 = Release|Any CPU
		{CF570271-75F4-4900-9457-3F502BB794DF}.N40|Mixed Platforms.ActiveCfg = Release|Any CPU
		{CF570271-75F4-4900-9457-3F502BB794DF}.N40|Mixed Platforms.Build.0 = Release|Any CPU
		{CF570271-75F4-4900-9457-3F502BB794DF}.N40|x86.ActiveCfg = Release|Any CPU
		{CF570271-75F4-4900-9457-3F502BB794DF}.N45|Any CPU.ActiveCfg = Release|Any CPU
		{CF570271-75F4-4900-9457-3F502BB794DF}.N45|Any CPU.Build.0 = Release|Any CPU
		{CF570271-75F4-4900-9457-3F502BB794DF}.N45|Mixed Platforms.ActiveCfg = Debug|Any CPU
		{CF570271-75F4-4900-9457-3F502BB794DF}.N45|Mixed Platforms.Build.0 = Debug|Any CPU
		{CF570271-75F4-4900-9457-3F502BB794DF}.N45|x86.ActiveCfg = Release|Any CPU
		{CF570271-75F4-4900-9457-3F502BB794DF}.Release|Any CPU.ActiveCfg = Release|Any CPU
		{CF570271-75F4-4900-9457-3F502BB794DF}.Release|Any CPU.Build.0 = Release|Any CPU
		{CF570271-75F4-4900-9457-3F502BB794DF}.Release|Mixed Platforms.ActiveCfg = Release|Any CPU
		{CF570271-75F4-4900-9457-3F502BB794DF}.Release|Mixed Platforms.Build.0 = Release|Any CPU
		{CF570271-75F4-4900-9457-3F502BB794DF}.Release|x86.ActiveCfg = Release|Any CPU
		{524484D8-0C2D-428A-8482-8042A0C4FDDE}.Debug|Any CPU.ActiveCfg = Debug|Any CPU
		{524484D8-0C2D-428A-8482-8042A0C4FDDE}.Debug|Any CPU.Build.0 = Debug|Any CPU
		{524484D8-0C2D-428A-8482-8042A0C4FDDE}.Debug|Mixed Platforms.ActiveCfg = Debug|Any CPU
		{524484D8-0C2D-428A-8482-8042A0C4FDDE}.Debug|Mixed Platforms.Build.0 = Debug|Any CPU
		{524484D8-0C2D-428A-8482-8042A0C4FDDE}.Debug|x86.ActiveCfg = Debug|Any CPU
		{524484D8-0C2D-428A-8482-8042A0C4FDDE}.N35|Any CPU.ActiveCfg = Release|Any CPU
		{524484D8-0C2D-428A-8482-8042A0C4FDDE}.N35|Any CPU.Build.0 = Release|Any CPU
		{524484D8-0C2D-428A-8482-8042A0C4FDDE}.N35|Mixed Platforms.ActiveCfg = Release|Any CPU
		{524484D8-0C2D-428A-8482-8042A0C4FDDE}.N35|Mixed Platforms.Build.0 = Release|Any CPU
		{524484D8-0C2D-428A-8482-8042A0C4FDDE}.N35|x86.ActiveCfg = Release|Any CPU
		{524484D8-0C2D-428A-8482-8042A0C4FDDE}.N40|Any CPU.ActiveCfg = Release|Any CPU
		{524484D8-0C2D-428A-8482-8042A0C4FDDE}.N40|Any CPU.Build.0 = Release|Any CPU
		{524484D8-0C2D-428A-8482-8042A0C4FDDE}.N40|Mixed Platforms.ActiveCfg = N40|Any CPU
		{524484D8-0C2D-428A-8482-8042A0C4FDDE}.N40|Mixed Platforms.Build.0 = N40|Any CPU
		{524484D8-0C2D-428A-8482-8042A0C4FDDE}.N40|x86.ActiveCfg = Release|Any CPU
		{524484D8-0C2D-428A-8482-8042A0C4FDDE}.N45|Any CPU.ActiveCfg = Release|Any CPU
		{524484D8-0C2D-428A-8482-8042A0C4FDDE}.N45|Any CPU.Build.0 = Release|Any CPU
		{524484D8-0C2D-428A-8482-8042A0C4FDDE}.N45|Mixed Platforms.ActiveCfg = Release|Any CPU
		{524484D8-0C2D-428A-8482-8042A0C4FDDE}.N45|Mixed Platforms.Build.0 = Release|Any CPU
		{524484D8-0C2D-428A-8482-8042A0C4FDDE}.N45|x86.ActiveCfg = Release|Any CPU
		{524484D8-0C2D-428A-8482-8042A0C4FDDE}.Release|Any CPU.ActiveCfg = Release|Any CPU
		{524484D8-0C2D-428A-8482-8042A0C4FDDE}.Release|Any CPU.Build.0 = Release|Any CPU
		{524484D8-0C2D-428A-8482-8042A0C4FDDE}.Release|Mixed Platforms.ActiveCfg = Release|Any CPU
		{524484D8-0C2D-428A-8482-8042A0C4FDDE}.Release|Mixed Platforms.Build.0 = Release|Any CPU
		{524484D8-0C2D-428A-8482-8042A0C4FDDE}.Release|x86.ActiveCfg = Release|Any CPU
		{92F83A09-4848-4D84-A5EE-48F397ADEADA}.Debug|Any CPU.ActiveCfg = Debug|Any CPU
		{92F83A09-4848-4D84-A5EE-48F397ADEADA}.Debug|Any CPU.Build.0 = Debug|Any CPU
		{92F83A09-4848-4D84-A5EE-48F397ADEADA}.Debug|Mixed Platforms.ActiveCfg = Debug|Any CPU
		{92F83A09-4848-4D84-A5EE-48F397ADEADA}.Debug|Mixed Platforms.Build.0 = Debug|Any CPU
		{92F83A09-4848-4D84-A5EE-48F397ADEADA}.Debug|x86.ActiveCfg = Debug|Any CPU
		{92F83A09-4848-4D84-A5EE-48F397ADEADA}.N35|Any CPU.ActiveCfg = Release|Any CPU
		{92F83A09-4848-4D84-A5EE-48F397ADEADA}.N35|Any CPU.Build.0 = Release|Any CPU
		{92F83A09-4848-4D84-A5EE-48F397ADEADA}.N35|Mixed Platforms.ActiveCfg = Release|Any CPU
		{92F83A09-4848-4D84-A5EE-48F397ADEADA}.N35|Mixed Platforms.Build.0 = Release|Any CPU
		{92F83A09-4848-4D84-A5EE-48F397ADEADA}.N35|x86.ActiveCfg = Release|Any CPU
		{92F83A09-4848-4D84-A5EE-48F397ADEADA}.N40|Any CPU.ActiveCfg = Release|Any CPU
		{92F83A09-4848-4D84-A5EE-48F397ADEADA}.N40|Any CPU.Build.0 = Release|Any CPU
		{92F83A09-4848-4D84-A5EE-48F397ADEADA}.N40|Mixed Platforms.ActiveCfg = N40|Any CPU
		{92F83A09-4848-4D84-A5EE-48F397ADEADA}.N40|Mixed Platforms.Build.0 = N40|Any CPU
		{92F83A09-4848-4D84-A5EE-48F397ADEADA}.N40|x86.ActiveCfg = Release|Any CPU
		{92F83A09-4848-4D84-A5EE-48F397ADEADA}.N45|Any CPU.ActiveCfg = Release|Any CPU
		{92F83A09-4848-4D84-A5EE-48F397ADEADA}.N45|Any CPU.Build.0 = Release|Any CPU
		{92F83A09-4848-4D84-A5EE-48F397ADEADA}.N45|Mixed Platforms.ActiveCfg = N45|Any CPU
		{92F83A09-4848-4D84-A5EE-48F397ADEADA}.N45|Mixed Platforms.Build.0 = N45|Any CPU
		{92F83A09-4848-4D84-A5EE-48F397ADEADA}.N45|x86.ActiveCfg = Release|Any CPU
		{92F83A09-4848-4D84-A5EE-48F397ADEADA}.Release|Any CPU.ActiveCfg = Release|Any CPU
		{92F83A09-4848-4D84-A5EE-48F397ADEADA}.Release|Any CPU.Build.0 = Release|Any CPU
		{92F83A09-4848-4D84-A5EE-48F397ADEADA}.Release|Mixed Platforms.ActiveCfg = Release|Any CPU
		{92F83A09-4848-4D84-A5EE-48F397ADEADA}.Release|Mixed Platforms.Build.0 = Release|Any CPU
		{92F83A09-4848-4D84-A5EE-48F397ADEADA}.Release|x86.ActiveCfg = Release|Any CPU
		{3038DF26-B67C-49FD-A8F0-D45945CFA577}.Debug|Any CPU.ActiveCfg = Debug|Any CPU
		{3038DF26-B67C-49FD-A8F0-D45945CFA577}.Debug|Any CPU.Build.0 = Debug|Any CPU
		{3038DF26-B67C-49FD-A8F0-D45945CFA577}.Debug|Mixed Platforms.ActiveCfg = Debug|Any CPU
		{3038DF26-B67C-49FD-A8F0-D45945CFA577}.Debug|Mixed Platforms.Build.0 = Debug|Any CPU
		{3038DF26-B67C-49FD-A8F0-D45945CFA577}.Debug|x86.ActiveCfg = Debug|Any CPU
		{3038DF26-B67C-49FD-A8F0-D45945CFA577}.N35|Any CPU.ActiveCfg = Release|Any CPU
		{3038DF26-B67C-49FD-A8F0-D45945CFA577}.N35|Any CPU.Build.0 = Release|Any CPU
		{3038DF26-B67C-49FD-A8F0-D45945CFA577}.N35|Mixed Platforms.ActiveCfg = Release|Any CPU
		{3038DF26-B67C-49FD-A8F0-D45945CFA577}.N35|Mixed Platforms.Build.0 = Release|Any CPU
		{3038DF26-B67C-49FD-A8F0-D45945CFA577}.N35|x86.ActiveCfg = Release|Any CPU
		{3038DF26-B67C-49FD-A8F0-D45945CFA577}.N40|Any CPU.ActiveCfg = Release|Any CPU
		{3038DF26-B67C-49FD-A8F0-D45945CFA577}.N40|Any CPU.Build.0 = Release|Any CPU
		{3038DF26-B67C-49FD-A8F0-D45945CFA577}.N40|Mixed Platforms.ActiveCfg = Release|Any CPU
		{3038DF26-B67C-49FD-A8F0-D45945CFA577}.N40|Mixed Platforms.Build.0 = Release|Any CPU
		{3038DF26-B67C-49FD-A8F0-D45945CFA577}.N40|x86.ActiveCfg = Release|Any CPU
		{3038DF26-B67C-49FD-A8F0-D45945CFA577}.N45|Any CPU.ActiveCfg = Release|Any CPU
		{3038DF26-B67C-49FD-A8F0-D45945CFA577}.N45|Any CPU.Build.0 = Release|Any CPU
		{3038DF26-B67C-49FD-A8F0-D45945CFA577}.N45|Mixed Platforms.ActiveCfg = Release|Any CPU
		{3038DF26-B67C-49FD-A8F0-D45945CFA577}.N45|Mixed Platforms.Build.0 = Release|Any CPU
		{3038DF26-B67C-49FD-A8F0-D45945CFA577}.N45|x86.ActiveCfg = Release|Any CPU
		{3038DF26-B67C-49FD-A8F0-D45945CFA577}.Release|Any CPU.ActiveCfg = Release|Any CPU
		{3038DF26-B67C-49FD-A8F0-D45945CFA577}.Release|Any CPU.Build.0 = Release|Any CPU
		{3038DF26-B67C-49FD-A8F0-D45945CFA577}.Release|Mixed Platforms.ActiveCfg = Release|Any CPU
		{3038DF26-B67C-49FD-A8F0-D45945CFA577}.Release|Mixed Platforms.Build.0 = Release|Any CPU
		{3038DF26-B67C-49FD-A8F0-D45945CFA577}.Release|x86.ActiveCfg = Release|Any CPU
		{FC84C432-37AB-4DC6-83DB-36711AB13CE4}.Debug|Any CPU.ActiveCfg = Debug|Any CPU
		{FC84C432-37AB-4DC6-83DB-36711AB13CE4}.Debug|Any CPU.Build.0 = Debug|Any CPU
		{FC84C432-37AB-4DC6-83DB-36711AB13CE4}.Debug|Mixed Platforms.ActiveCfg = Debug|Any CPU
		{FC84C432-37AB-4DC6-83DB-36711AB13CE4}.Debug|Mixed Platforms.Build.0 = Debug|Any CPU
		{FC84C432-37AB-4DC6-83DB-36711AB13CE4}.Debug|x86.ActiveCfg = Debug|Any CPU
		{FC84C432-37AB-4DC6-83DB-36711AB13CE4}.N35|Any CPU.ActiveCfg = Release|Any CPU
		{FC84C432-37AB-4DC6-83DB-36711AB13CE4}.N35|Any CPU.Build.0 = Release|Any CPU
		{FC84C432-37AB-4DC6-83DB-36711AB13CE4}.N35|Mixed Platforms.ActiveCfg = Release|Any CPU
		{FC84C432-37AB-4DC6-83DB-36711AB13CE4}.N35|Mixed Platforms.Build.0 = Release|Any CPU
		{FC84C432-37AB-4DC6-83DB-36711AB13CE4}.N35|x86.ActiveCfg = Release|Any CPU
		{FC84C432-37AB-4DC6-83DB-36711AB13CE4}.N40|Any CPU.ActiveCfg = Release|Any CPU
		{FC84C432-37AB-4DC6-83DB-36711AB13CE4}.N40|Any CPU.Build.0 = Release|Any CPU
		{FC84C432-37AB-4DC6-83DB-36711AB13CE4}.N40|Mixed Platforms.ActiveCfg = N40|Any CPU
		{FC84C432-37AB-4DC6-83DB-36711AB13CE4}.N40|Mixed Platforms.Build.0 = N40|Any CPU
		{FC84C432-37AB-4DC6-83DB-36711AB13CE4}.N40|x86.ActiveCfg = Release|Any CPU
		{FC84C432-37AB-4DC6-83DB-36711AB13CE4}.N45|Any CPU.ActiveCfg = Release|Any CPU
		{FC84C432-37AB-4DC6-83DB-36711AB13CE4}.N45|Any CPU.Build.0 = Release|Any CPU
		{FC84C432-37AB-4DC6-83DB-36711AB13CE4}.N45|Mixed Platforms.ActiveCfg = N45|Any CPU
		{FC84C432-37AB-4DC6-83DB-36711AB13CE4}.N45|Mixed Platforms.Build.0 = N45|Any CPU
		{FC84C432-37AB-4DC6-83DB-36711AB13CE4}.N45|x86.ActiveCfg = Release|Any CPU
		{FC84C432-37AB-4DC6-83DB-36711AB13CE4}.Release|Any CPU.ActiveCfg = Release|Any CPU
		{FC84C432-37AB-4DC6-83DB-36711AB13CE4}.Release|Any CPU.Build.0 = Release|Any CPU
		{FC84C432-37AB-4DC6-83DB-36711AB13CE4}.Release|Mixed Platforms.ActiveCfg = Release|Any CPU
		{FC84C432-37AB-4DC6-83DB-36711AB13CE4}.Release|Mixed Platforms.Build.0 = Release|Any CPU
		{FC84C432-37AB-4DC6-83DB-36711AB13CE4}.Release|x86.ActiveCfg = Release|Any CPU
		{31713B5D-B7ED-4CA4-8648-F1C8A1298449}.Debug|Any CPU.ActiveCfg = Debug|Any CPU
		{31713B5D-B7ED-4CA4-8648-F1C8A1298449}.Debug|Any CPU.Build.0 = Debug|Any CPU
		{31713B5D-B7ED-4CA4-8648-F1C8A1298449}.Debug|Mixed Platforms.ActiveCfg = Debug|Any CPU
		{31713B5D-B7ED-4CA4-8648-F1C8A1298449}.Debug|Mixed Platforms.Build.0 = Debug|Any CPU
		{31713B5D-B7ED-4CA4-8648-F1C8A1298449}.Debug|x86.ActiveCfg = Debug|Any CPU
		{31713B5D-B7ED-4CA4-8648-F1C8A1298449}.N35|Any CPU.ActiveCfg = Release|Any CPU
		{31713B5D-B7ED-4CA4-8648-F1C8A1298449}.N35|Any CPU.Build.0 = Release|Any CPU
		{31713B5D-B7ED-4CA4-8648-F1C8A1298449}.N35|Mixed Platforms.ActiveCfg = Release|Any CPU
		{31713B5D-B7ED-4CA4-8648-F1C8A1298449}.N35|Mixed Platforms.Build.0 = Release|Any CPU
		{31713B5D-B7ED-4CA4-8648-F1C8A1298449}.N35|x86.ActiveCfg = Release|Any CPU
		{31713B5D-B7ED-4CA4-8648-F1C8A1298449}.N40|Any CPU.ActiveCfg = Release|Any CPU
		{31713B5D-B7ED-4CA4-8648-F1C8A1298449}.N40|Any CPU.Build.0 = Release|Any CPU
		{31713B5D-B7ED-4CA4-8648-F1C8A1298449}.N40|Mixed Platforms.ActiveCfg = N40|Any CPU
		{31713B5D-B7ED-4CA4-8648-F1C8A1298449}.N40|Mixed Platforms.Build.0 = N40|Any CPU
		{31713B5D-B7ED-4CA4-8648-F1C8A1298449}.N40|x86.ActiveCfg = Release|Any CPU
		{31713B5D-B7ED-4CA4-8648-F1C8A1298449}.N45|Any CPU.ActiveCfg = Release|Any CPU
		{31713B5D-B7ED-4CA4-8648-F1C8A1298449}.N45|Any CPU.Build.0 = Release|Any CPU
		{31713B5D-B7ED-4CA4-8648-F1C8A1298449}.N45|Mixed Platforms.ActiveCfg = Release|Any CPU
		{31713B5D-B7ED-4CA4-8648-F1C8A1298449}.N45|Mixed Platforms.Build.0 = Release|Any CPU
		{31713B5D-B7ED-4CA4-8648-F1C8A1298449}.N45|x86.ActiveCfg = Release|Any CPU
		{31713B5D-B7ED-4CA4-8648-F1C8A1298449}.Release|Any CPU.ActiveCfg = Release|Any CPU
		{31713B5D-B7ED-4CA4-8648-F1C8A1298449}.Release|Any CPU.Build.0 = Release|Any CPU
		{31713B5D-B7ED-4CA4-8648-F1C8A1298449}.Release|Mixed Platforms.ActiveCfg = Release|Any CPU
		{31713B5D-B7ED-4CA4-8648-F1C8A1298449}.Release|Mixed Platforms.Build.0 = Release|Any CPU
		{31713B5D-B7ED-4CA4-8648-F1C8A1298449}.Release|x86.ActiveCfg = Release|Any CPU
		{AEAC5BBA-674E-4F57-B9C3-A3C84C06C7E6}.Debug|Any CPU.ActiveCfg = Debug|Any CPU
		{AEAC5BBA-674E-4F57-B9C3-A3C84C06C7E6}.Debug|Any CPU.Build.0 = Debug|Any CPU
		{AEAC5BBA-674E-4F57-B9C3-A3C84C06C7E6}.Debug|Mixed Platforms.ActiveCfg = Debug|Any CPU
		{AEAC5BBA-674E-4F57-B9C3-A3C84C06C7E6}.Debug|Mixed Platforms.Build.0 = Debug|Any CPU
		{AEAC5BBA-674E-4F57-B9C3-A3C84C06C7E6}.Debug|x86.ActiveCfg = Debug|Any CPU
		{AEAC5BBA-674E-4F57-B9C3-A3C84C06C7E6}.N35|Any CPU.ActiveCfg = Release|Any CPU
		{AEAC5BBA-674E-4F57-B9C3-A3C84C06C7E6}.N35|Any CPU.Build.0 = Release|Any CPU
		{AEAC5BBA-674E-4F57-B9C3-A3C84C06C7E6}.N35|Mixed Platforms.ActiveCfg = Release|Any CPU
		{AEAC5BBA-674E-4F57-B9C3-A3C84C06C7E6}.N35|Mixed Platforms.Build.0 = Release|Any CPU
		{AEAC5BBA-674E-4F57-B9C3-A3C84C06C7E6}.N35|x86.ActiveCfg = Release|Any CPU
		{AEAC5BBA-674E-4F57-B9C3-A3C84C06C7E6}.N40|Any CPU.ActiveCfg = Release|Any CPU
		{AEAC5BBA-674E-4F57-B9C3-A3C84C06C7E6}.N40|Any CPU.Build.0 = Release|Any CPU
		{AEAC5BBA-674E-4F57-B9C3-A3C84C06C7E6}.N40|Mixed Platforms.ActiveCfg = Release|Any CPU
		{AEAC5BBA-674E-4F57-B9C3-A3C84C06C7E6}.N40|Mixed Platforms.Build.0 = Release|Any CPU
		{AEAC5BBA-674E-4F57-B9C3-A3C84C06C7E6}.N40|x86.ActiveCfg = Release|Any CPU
		{AEAC5BBA-674E-4F57-B9C3-A3C84C06C7E6}.N45|Any CPU.ActiveCfg = Release|Any CPU
		{AEAC5BBA-674E-4F57-B9C3-A3C84C06C7E6}.N45|Any CPU.Build.0 = Release|Any CPU
		{AEAC5BBA-674E-4F57-B9C3-A3C84C06C7E6}.N45|Mixed Platforms.ActiveCfg = Release|Any CPU
		{AEAC5BBA-674E-4F57-B9C3-A3C84C06C7E6}.N45|Mixed Platforms.Build.0 = Release|Any CPU
		{AEAC5BBA-674E-4F57-B9C3-A3C84C06C7E6}.N45|x86.ActiveCfg = Release|Any CPU
		{AEAC5BBA-674E-4F57-B9C3-A3C84C06C7E6}.Release|Any CPU.ActiveCfg = Release|Any CPU
		{AEAC5BBA-674E-4F57-B9C3-A3C84C06C7E6}.Release|Any CPU.Build.0 = Release|Any CPU
		{AEAC5BBA-674E-4F57-B9C3-A3C84C06C7E6}.Release|Mixed Platforms.ActiveCfg = Release|Any CPU
		{AEAC5BBA-674E-4F57-B9C3-A3C84C06C7E6}.Release|Mixed Platforms.Build.0 = Release|Any CPU
		{AEAC5BBA-674E-4F57-B9C3-A3C84C06C7E6}.Release|x86.ActiveCfg = Release|Any CPU
		{CB706435-99D5-4518-8419-E549B2FA6312}.Debug|Any CPU.ActiveCfg = Debug|Any CPU
		{CB706435-99D5-4518-8419-E549B2FA6312}.Debug|Any CPU.Build.0 = Debug|Any CPU
		{CB706435-99D5-4518-8419-E549B2FA6312}.Debug|Mixed Platforms.ActiveCfg = Debug|Any CPU
		{CB706435-99D5-4518-8419-E549B2FA6312}.Debug|Mixed Platforms.Build.0 = Debug|Any CPU
		{CB706435-99D5-4518-8419-E549B2FA6312}.Debug|x86.ActiveCfg = Debug|Any CPU
		{CB706435-99D5-4518-8419-E549B2FA6312}.N35|Any CPU.ActiveCfg = N35|Any CPU
		{CB706435-99D5-4518-8419-E549B2FA6312}.N35|Any CPU.Build.0 = N35|Any CPU
		{CB706435-99D5-4518-8419-E549B2FA6312}.N35|Mixed Platforms.ActiveCfg = N35|Any CPU
		{CB706435-99D5-4518-8419-E549B2FA6312}.N35|Mixed Platforms.Build.0 = N35|Any CPU
		{CB706435-99D5-4518-8419-E549B2FA6312}.N35|x86.ActiveCfg = N35|Any CPU
		{CB706435-99D5-4518-8419-E549B2FA6312}.N40|Any CPU.ActiveCfg = N40|Any CPU
		{CB706435-99D5-4518-8419-E549B2FA6312}.N40|Any CPU.Build.0 = N40|Any CPU
		{CB706435-99D5-4518-8419-E549B2FA6312}.N40|Mixed Platforms.ActiveCfg = N40|Any CPU
		{CB706435-99D5-4518-8419-E549B2FA6312}.N40|Mixed Platforms.Build.0 = N40|Any CPU
		{CB706435-99D5-4518-8419-E549B2FA6312}.N40|x86.ActiveCfg = N40|Any CPU
		{CB706435-99D5-4518-8419-E549B2FA6312}.N45|Any CPU.ActiveCfg = N40|Any CPU
		{CB706435-99D5-4518-8419-E549B2FA6312}.N45|Any CPU.Build.0 = N40|Any CPU
		{CB706435-99D5-4518-8419-E549B2FA6312}.N45|Mixed Platforms.ActiveCfg = N45|Any CPU
		{CB706435-99D5-4518-8419-E549B2FA6312}.N45|Mixed Platforms.Build.0 = N45|Any CPU
		{CB706435-99D5-4518-8419-E549B2FA6312}.N45|x86.ActiveCfg = N40|Any CPU
		{CB706435-99D5-4518-8419-E549B2FA6312}.Release|Any CPU.ActiveCfg = Release|Any CPU
		{CB706435-99D5-4518-8419-E549B2FA6312}.Release|Any CPU.Build.0 = Release|Any CPU
		{CB706435-99D5-4518-8419-E549B2FA6312}.Release|Mixed Platforms.ActiveCfg = Release|Any CPU
		{CB706435-99D5-4518-8419-E549B2FA6312}.Release|Mixed Platforms.Build.0 = Release|Any CPU
		{CB706435-99D5-4518-8419-E549B2FA6312}.Release|x86.ActiveCfg = Release|Any CPU
		{14B63566-CBE7-4119-9D1D-49A1C047816D}.Debug|Any CPU.ActiveCfg = Debug|Any CPU
		{14B63566-CBE7-4119-9D1D-49A1C047816D}.Debug|Any CPU.Build.0 = Debug|Any CPU
		{14B63566-CBE7-4119-9D1D-49A1C047816D}.Debug|Mixed Platforms.ActiveCfg = Debug|Any CPU
		{14B63566-CBE7-4119-9D1D-49A1C047816D}.Debug|Mixed Platforms.Build.0 = Debug|Any CPU
		{14B63566-CBE7-4119-9D1D-49A1C047816D}.Debug|x86.ActiveCfg = Debug|Any CPU
		{14B63566-CBE7-4119-9D1D-49A1C047816D}.N35|Any CPU.ActiveCfg = Release|Any CPU
		{14B63566-CBE7-4119-9D1D-49A1C047816D}.N35|Any CPU.Build.0 = Release|Any CPU
		{14B63566-CBE7-4119-9D1D-49A1C047816D}.N35|Mixed Platforms.ActiveCfg = Release|Any CPU
		{14B63566-CBE7-4119-9D1D-49A1C047816D}.N35|Mixed Platforms.Build.0 = Release|Any CPU
		{14B63566-CBE7-4119-9D1D-49A1C047816D}.N35|x86.ActiveCfg = Release|Any CPU
		{14B63566-CBE7-4119-9D1D-49A1C047816D}.N40|Any CPU.ActiveCfg = Release|Any CPU
		{14B63566-CBE7-4119-9D1D-49A1C047816D}.N40|Any CPU.Build.0 = Release|Any CPU
		{14B63566-CBE7-4119-9D1D-49A1C047816D}.N40|Mixed Platforms.ActiveCfg = N40|Any CPU
		{14B63566-CBE7-4119-9D1D-49A1C047816D}.N40|Mixed Platforms.Build.0 = N40|Any CPU
		{14B63566-CBE7-4119-9D1D-49A1C047816D}.N40|x86.ActiveCfg = Release|Any CPU
		{14B63566-CBE7-4119-9D1D-49A1C047816D}.N45|Any CPU.ActiveCfg = Release|Any CPU
		{14B63566-CBE7-4119-9D1D-49A1C047816D}.N45|Any CPU.Build.0 = Release|Any CPU
		{14B63566-CBE7-4119-9D1D-49A1C047816D}.N45|Mixed Platforms.ActiveCfg = N45|Any CPU
		{14B63566-CBE7-4119-9D1D-49A1C047816D}.N45|Mixed Platforms.Build.0 = N45|Any CPU
		{14B63566-CBE7-4119-9D1D-49A1C047816D}.N45|x86.ActiveCfg = Release|Any CPU
		{14B63566-CBE7-4119-9D1D-49A1C047816D}.Release|Any CPU.ActiveCfg = Release|Any CPU
		{14B63566-CBE7-4119-9D1D-49A1C047816D}.Release|Any CPU.Build.0 = Release|Any CPU
		{14B63566-CBE7-4119-9D1D-49A1C047816D}.Release|Mixed Platforms.ActiveCfg = Release|Any CPU
		{14B63566-CBE7-4119-9D1D-49A1C047816D}.Release|Mixed Platforms.Build.0 = Release|Any CPU
		{14B63566-CBE7-4119-9D1D-49A1C047816D}.Release|x86.ActiveCfg = Release|Any CPU
		{1F255E59-DA57-435A-B2F6-1B7322323B56}.Debug|Any CPU.ActiveCfg = Debug|Any CPU
		{1F255E59-DA57-435A-B2F6-1B7322323B56}.Debug|Any CPU.Build.0 = Debug|Any CPU
		{1F255E59-DA57-435A-B2F6-1B7322323B56}.Debug|Mixed Platforms.ActiveCfg = Debug|Any CPU
		{1F255E59-DA57-435A-B2F6-1B7322323B56}.Debug|Mixed Platforms.Build.0 = Debug|Any CPU
		{1F255E59-DA57-435A-B2F6-1B7322323B56}.Debug|x86.ActiveCfg = Debug|Any CPU
		{1F255E59-DA57-435A-B2F6-1B7322323B56}.N35|Any CPU.ActiveCfg = Release|Any CPU
		{1F255E59-DA57-435A-B2F6-1B7322323B56}.N35|Any CPU.Build.0 = Release|Any CPU
		{1F255E59-DA57-435A-B2F6-1B7322323B56}.N35|Mixed Platforms.ActiveCfg = Release|Any CPU
		{1F255E59-DA57-435A-B2F6-1B7322323B56}.N35|Mixed Platforms.Build.0 = Release|Any CPU
		{1F255E59-DA57-435A-B2F6-1B7322323B56}.N35|x86.ActiveCfg = Release|Any CPU
		{1F255E59-DA57-435A-B2F6-1B7322323B56}.N40|Any CPU.ActiveCfg = Release|Any CPU
		{1F255E59-DA57-435A-B2F6-1B7322323B56}.N40|Any CPU.Build.0 = Release|Any CPU
		{1F255E59-DA57-435A-B2F6-1B7322323B56}.N40|Mixed Platforms.ActiveCfg = Release|Any CPU
		{1F255E59-DA57-435A-B2F6-1B7322323B56}.N40|Mixed Platforms.Build.0 = Release|Any CPU
		{1F255E59-DA57-435A-B2F6-1B7322323B56}.N40|x86.ActiveCfg = Release|Any CPU
		{1F255E59-DA57-435A-B2F6-1B7322323B56}.N45|Any CPU.ActiveCfg = Release|Any CPU
		{1F255E59-DA57-435A-B2F6-1B7322323B56}.N45|Any CPU.Build.0 = Release|Any CPU
		{1F255E59-DA57-435A-B2F6-1B7322323B56}.N45|Mixed Platforms.ActiveCfg = Release|Any CPU
		{1F255E59-DA57-435A-B2F6-1B7322323B56}.N45|Mixed Platforms.Build.0 = Release|Any CPU
		{1F255E59-DA57-435A-B2F6-1B7322323B56}.N45|x86.ActiveCfg = Release|Any CPU
		{1F255E59-DA57-435A-B2F6-1B7322323B56}.Release|Any CPU.ActiveCfg = Release|Any CPU
		{1F255E59-DA57-435A-B2F6-1B7322323B56}.Release|Any CPU.Build.0 = Release|Any CPU
		{1F255E59-DA57-435A-B2F6-1B7322323B56}.Release|Mixed Platforms.ActiveCfg = Release|Any CPU
		{1F255E59-DA57-435A-B2F6-1B7322323B56}.Release|Mixed Platforms.Build.0 = Release|Any CPU
		{1F255E59-DA57-435A-B2F6-1B7322323B56}.Release|x86.ActiveCfg = Release|Any CPU
		{30C7671E-F63B-47C5-A4A7-372F69794E05}.Debug|Any CPU.ActiveCfg = Debug|Any CPU
		{30C7671E-F63B-47C5-A4A7-372F69794E05}.Debug|Any CPU.Build.0 = Debug|Any CPU
		{30C7671E-F63B-47C5-A4A7-372F69794E05}.Debug|Mixed Platforms.ActiveCfg = Debug|Any CPU
		{30C7671E-F63B-47C5-A4A7-372F69794E05}.Debug|Mixed Platforms.Build.0 = Debug|Any CPU
		{30C7671E-F63B-47C5-A4A7-372F69794E05}.Debug|x86.ActiveCfg = Debug|Any CPU
		{30C7671E-F63B-47C5-A4A7-372F69794E05}.N35|Any CPU.ActiveCfg = Release|Any CPU
		{30C7671E-F63B-47C5-A4A7-372F69794E05}.N35|Any CPU.Build.0 = Release|Any CPU
		{30C7671E-F63B-47C5-A4A7-372F69794E05}.N35|Mixed Platforms.ActiveCfg = Release|Any CPU
		{30C7671E-F63B-47C5-A4A7-372F69794E05}.N35|Mixed Platforms.Build.0 = Release|Any CPU
		{30C7671E-F63B-47C5-A4A7-372F69794E05}.N35|x86.ActiveCfg = Release|Any CPU
		{30C7671E-F63B-47C5-A4A7-372F69794E05}.N40|Any CPU.ActiveCfg = Release|Any CPU
		{30C7671E-F63B-47C5-A4A7-372F69794E05}.N40|Any CPU.Build.0 = Release|Any CPU
		{30C7671E-F63B-47C5-A4A7-372F69794E05}.N40|Mixed Platforms.ActiveCfg = Release|Any CPU
		{30C7671E-F63B-47C5-A4A7-372F69794E05}.N40|Mixed Platforms.Build.0 = Release|Any CPU
		{30C7671E-F63B-47C5-A4A7-372F69794E05}.N40|x86.ActiveCfg = Release|Any CPU
		{30C7671E-F63B-47C5-A4A7-372F69794E05}.N45|Any CPU.ActiveCfg = Release|Any CPU
		{30C7671E-F63B-47C5-A4A7-372F69794E05}.N45|Any CPU.Build.0 = Release|Any CPU
		{30C7671E-F63B-47C5-A4A7-372F69794E05}.N45|Mixed Platforms.ActiveCfg = Release|Any CPU
		{30C7671E-F63B-47C5-A4A7-372F69794E05}.N45|Mixed Platforms.Build.0 = Release|Any CPU
		{30C7671E-F63B-47C5-A4A7-372F69794E05}.N45|x86.ActiveCfg = Release|Any CPU
		{30C7671E-F63B-47C5-A4A7-372F69794E05}.Release|Any CPU.ActiveCfg = Release|Any CPU
		{30C7671E-F63B-47C5-A4A7-372F69794E05}.Release|Any CPU.Build.0 = Release|Any CPU
		{30C7671E-F63B-47C5-A4A7-372F69794E05}.Release|Mixed Platforms.ActiveCfg = Release|Any CPU
		{30C7671E-F63B-47C5-A4A7-372F69794E05}.Release|Mixed Platforms.Build.0 = Release|Any CPU
		{30C7671E-F63B-47C5-A4A7-372F69794E05}.Release|x86.ActiveCfg = Release|Any CPU
		{20170C8D-7590-4428-A0B5-F91F97E107DA}.Debug|Any CPU.ActiveCfg = Debug|Any CPU
		{20170C8D-7590-4428-A0B5-F91F97E107DA}.Debug|Any CPU.Build.0 = Debug|Any CPU
		{20170C8D-7590-4428-A0B5-F91F97E107DA}.Debug|Mixed Platforms.ActiveCfg = Debug|Any CPU
		{20170C8D-7590-4428-A0B5-F91F97E107DA}.Debug|Mixed Platforms.Build.0 = Debug|Any CPU
		{20170C8D-7590-4428-A0B5-F91F97E107DA}.Debug|x86.ActiveCfg = Debug|Any CPU
		{20170C8D-7590-4428-A0B5-F91F97E107DA}.N35|Any CPU.ActiveCfg = Release|Any CPU
		{20170C8D-7590-4428-A0B5-F91F97E107DA}.N35|Any CPU.Build.0 = Release|Any CPU
		{20170C8D-7590-4428-A0B5-F91F97E107DA}.N35|Mixed Platforms.ActiveCfg = Release|Any CPU
		{20170C8D-7590-4428-A0B5-F91F97E107DA}.N35|Mixed Platforms.Build.0 = Release|Any CPU
		{20170C8D-7590-4428-A0B5-F91F97E107DA}.N35|x86.ActiveCfg = Release|Any CPU
		{20170C8D-7590-4428-A0B5-F91F97E107DA}.N40|Any CPU.ActiveCfg = Release|Any CPU
		{20170C8D-7590-4428-A0B5-F91F97E107DA}.N40|Any CPU.Build.0 = Release|Any CPU
		{20170C8D-7590-4428-A0B5-F91F97E107DA}.N40|Mixed Platforms.ActiveCfg = N40|Any CPU
		{20170C8D-7590-4428-A0B5-F91F97E107DA}.N40|Mixed Platforms.Build.0 = N40|Any CPU
		{20170C8D-7590-4428-A0B5-F91F97E107DA}.N40|x86.ActiveCfg = Release|Any CPU
		{20170C8D-7590-4428-A0B5-F91F97E107DA}.N45|Any CPU.ActiveCfg = Release|Any CPU
		{20170C8D-7590-4428-A0B5-F91F97E107DA}.N45|Any CPU.Build.0 = Release|Any CPU
		{20170C8D-7590-4428-A0B5-F91F97E107DA}.N45|Mixed Platforms.ActiveCfg = N45|Any CPU
		{20170C8D-7590-4428-A0B5-F91F97E107DA}.N45|Mixed Platforms.Build.0 = N45|Any CPU
		{20170C8D-7590-4428-A0B5-F91F97E107DA}.N45|x86.ActiveCfg = Release|Any CPU
		{20170C8D-7590-4428-A0B5-F91F97E107DA}.Release|Any CPU.ActiveCfg = Release|Any CPU
		{20170C8D-7590-4428-A0B5-F91F97E107DA}.Release|Any CPU.Build.0 = Release|Any CPU
		{20170C8D-7590-4428-A0B5-F91F97E107DA}.Release|Mixed Platforms.ActiveCfg = Release|Any CPU
		{20170C8D-7590-4428-A0B5-F91F97E107DA}.Release|Mixed Platforms.Build.0 = Release|Any CPU
		{20170C8D-7590-4428-A0B5-F91F97E107DA}.Release|x86.ActiveCfg = Release|Any CPU
		{4F813935-EC69-4110-B179-D7F43FE772A5}.Debug|Any CPU.ActiveCfg = Debug|Any CPU
		{4F813935-EC69-4110-B179-D7F43FE772A5}.Debug|Any CPU.Build.0 = Debug|Any CPU
		{4F813935-EC69-4110-B179-D7F43FE772A5}.Debug|Mixed Platforms.ActiveCfg = Debug|Any CPU
		{4F813935-EC69-4110-B179-D7F43FE772A5}.Debug|Mixed Platforms.Build.0 = Debug|Any CPU
		{4F813935-EC69-4110-B179-D7F43FE772A5}.Debug|x86.ActiveCfg = Debug|Any CPU
		{4F813935-EC69-4110-B179-D7F43FE772A5}.N35|Any CPU.ActiveCfg = Release|Any CPU
		{4F813935-EC69-4110-B179-D7F43FE772A5}.N35|Any CPU.Build.0 = Release|Any CPU
		{4F813935-EC69-4110-B179-D7F43FE772A5}.N35|Mixed Platforms.ActiveCfg = Release|Any CPU
		{4F813935-EC69-4110-B179-D7F43FE772A5}.N35|Mixed Platforms.Build.0 = Release|Any CPU
		{4F813935-EC69-4110-B179-D7F43FE772A5}.N35|x86.ActiveCfg = Release|Any CPU
		{4F813935-EC69-4110-B179-D7F43FE772A5}.N40|Any CPU.ActiveCfg = Release|Any CPU
		{4F813935-EC69-4110-B179-D7F43FE772A5}.N40|Any CPU.Build.0 = Release|Any CPU
		{4F813935-EC69-4110-B179-D7F43FE772A5}.N40|Mixed Platforms.ActiveCfg = Release|Any CPU
		{4F813935-EC69-4110-B179-D7F43FE772A5}.N40|Mixed Platforms.Build.0 = Release|Any CPU
		{4F813935-EC69-4110-B179-D7F43FE772A5}.N40|x86.ActiveCfg = Release|Any CPU
		{4F813935-EC69-4110-B179-D7F43FE772A5}.N45|Any CPU.ActiveCfg = Release|Any CPU
		{4F813935-EC69-4110-B179-D7F43FE772A5}.N45|Any CPU.Build.0 = Release|Any CPU
		{4F813935-EC69-4110-B179-D7F43FE772A5}.N45|Mixed Platforms.ActiveCfg = N45|Any CPU
		{4F813935-EC69-4110-B179-D7F43FE772A5}.N45|Mixed Platforms.Build.0 = N45|Any CPU
		{4F813935-EC69-4110-B179-D7F43FE772A5}.N45|x86.ActiveCfg = Release|Any CPU
		{4F813935-EC69-4110-B179-D7F43FE772A5}.Release|Any CPU.ActiveCfg = Release|Any CPU
		{4F813935-EC69-4110-B179-D7F43FE772A5}.Release|Any CPU.Build.0 = Release|Any CPU
		{4F813935-EC69-4110-B179-D7F43FE772A5}.Release|Mixed Platforms.ActiveCfg = Release|Any CPU
		{4F813935-EC69-4110-B179-D7F43FE772A5}.Release|Mixed Platforms.Build.0 = Release|Any CPU
		{4F813935-EC69-4110-B179-D7F43FE772A5}.Release|x86.ActiveCfg = Release|Any CPU
		{666F4B6A-5C3B-4A7D-A700-A8AFD0CFD11E}.Debug|Any CPU.ActiveCfg = Debug|Any CPU
		{666F4B6A-5C3B-4A7D-A700-A8AFD0CFD11E}.Debug|Any CPU.Build.0 = Debug|Any CPU
		{666F4B6A-5C3B-4A7D-A700-A8AFD0CFD11E}.Debug|Mixed Platforms.ActiveCfg = Debug|Any CPU
		{666F4B6A-5C3B-4A7D-A700-A8AFD0CFD11E}.Debug|Mixed Platforms.Build.0 = Debug|Any CPU
		{666F4B6A-5C3B-4A7D-A700-A8AFD0CFD11E}.Debug|x86.ActiveCfg = Debug|Any CPU
		{666F4B6A-5C3B-4A7D-A700-A8AFD0CFD11E}.N35|Any CPU.ActiveCfg = Release|Any CPU
		{666F4B6A-5C3B-4A7D-A700-A8AFD0CFD11E}.N35|Any CPU.Build.0 = Release|Any CPU
		{666F4B6A-5C3B-4A7D-A700-A8AFD0CFD11E}.N35|Mixed Platforms.ActiveCfg = Release|Any CPU
		{666F4B6A-5C3B-4A7D-A700-A8AFD0CFD11E}.N35|Mixed Platforms.Build.0 = Release|Any CPU
		{666F4B6A-5C3B-4A7D-A700-A8AFD0CFD11E}.N35|x86.ActiveCfg = Release|Any CPU
		{666F4B6A-5C3B-4A7D-A700-A8AFD0CFD11E}.N40|Any CPU.ActiveCfg = Release|Any CPU
		{666F4B6A-5C3B-4A7D-A700-A8AFD0CFD11E}.N40|Any CPU.Build.0 = Release|Any CPU
		{666F4B6A-5C3B-4A7D-A700-A8AFD0CFD11E}.N40|Mixed Platforms.ActiveCfg = Release|Any CPU
		{666F4B6A-5C3B-4A7D-A700-A8AFD0CFD11E}.N40|Mixed Platforms.Build.0 = Release|Any CPU
		{666F4B6A-5C3B-4A7D-A700-A8AFD0CFD11E}.N40|x86.ActiveCfg = Release|Any CPU
		{666F4B6A-5C3B-4A7D-A700-A8AFD0CFD11E}.N45|Any CPU.ActiveCfg = Release|Any CPU
		{666F4B6A-5C3B-4A7D-A700-A8AFD0CFD11E}.N45|Any CPU.Build.0 = Release|Any CPU
		{666F4B6A-5C3B-4A7D-A700-A8AFD0CFD11E}.N45|Mixed Platforms.ActiveCfg = N45|Any CPU
		{666F4B6A-5C3B-4A7D-A700-A8AFD0CFD11E}.N45|Mixed Platforms.Build.0 = N45|Any CPU
		{666F4B6A-5C3B-4A7D-A700-A8AFD0CFD11E}.N45|x86.ActiveCfg = Release|Any CPU
		{666F4B6A-5C3B-4A7D-A700-A8AFD0CFD11E}.Release|Any CPU.ActiveCfg = Release|Any CPU
		{666F4B6A-5C3B-4A7D-A700-A8AFD0CFD11E}.Release|Any CPU.Build.0 = Release|Any CPU
		{666F4B6A-5C3B-4A7D-A700-A8AFD0CFD11E}.Release|Mixed Platforms.ActiveCfg = Release|Any CPU
		{666F4B6A-5C3B-4A7D-A700-A8AFD0CFD11E}.Release|Mixed Platforms.Build.0 = Release|Any CPU
		{666F4B6A-5C3B-4A7D-A700-A8AFD0CFD11E}.Release|x86.ActiveCfg = Release|Any CPU
		{D1DAB298-8B45-40EE-A4B0-230A01D24F75}.Debug|Any CPU.ActiveCfg = Debug|Any CPU
		{D1DAB298-8B45-40EE-A4B0-230A01D24F75}.Debug|Any CPU.Build.0 = Debug|Any CPU
		{D1DAB298-8B45-40EE-A4B0-230A01D24F75}.Debug|Mixed Platforms.ActiveCfg = Debug|Any CPU
		{D1DAB298-8B45-40EE-A4B0-230A01D24F75}.Debug|Mixed Platforms.Build.0 = Debug|Any CPU
		{D1DAB298-8B45-40EE-A4B0-230A01D24F75}.Debug|x86.ActiveCfg = Debug|Any CPU
		{D1DAB298-8B45-40EE-A4B0-230A01D24F75}.N35|Any CPU.ActiveCfg = Release|Any CPU
		{D1DAB298-8B45-40EE-A4B0-230A01D24F75}.N35|Any CPU.Build.0 = Release|Any CPU
		{D1DAB298-8B45-40EE-A4B0-230A01D24F75}.N35|Mixed Platforms.ActiveCfg = Release|Any CPU
		{D1DAB298-8B45-40EE-A4B0-230A01D24F75}.N35|Mixed Platforms.Build.0 = Release|Any CPU
		{D1DAB298-8B45-40EE-A4B0-230A01D24F75}.N35|x86.ActiveCfg = Release|Any CPU
		{D1DAB298-8B45-40EE-A4B0-230A01D24F75}.N40|Any CPU.ActiveCfg = Release|Any CPU
		{D1DAB298-8B45-40EE-A4B0-230A01D24F75}.N40|Any CPU.Build.0 = Release|Any CPU
		{D1DAB298-8B45-40EE-A4B0-230A01D24F75}.N40|Mixed Platforms.ActiveCfg = Release|Any CPU
		{D1DAB298-8B45-40EE-A4B0-230A01D24F75}.N40|Mixed Platforms.Build.0 = Release|Any CPU
		{D1DAB298-8B45-40EE-A4B0-230A01D24F75}.N40|x86.ActiveCfg = Release|Any CPU
		{D1DAB298-8B45-40EE-A4B0-230A01D24F75}.N45|Any CPU.ActiveCfg = Release|Any CPU
		{D1DAB298-8B45-40EE-A4B0-230A01D24F75}.N45|Any CPU.Build.0 = Release|Any CPU
		{D1DAB298-8B45-40EE-A4B0-230A01D24F75}.N45|Mixed Platforms.ActiveCfg = Release|Any CPU
		{D1DAB298-8B45-40EE-A4B0-230A01D24F75}.N45|Mixed Platforms.Build.0 = Release|Any CPU
		{D1DAB298-8B45-40EE-A4B0-230A01D24F75}.N45|x86.ActiveCfg = Release|Any CPU
		{D1DAB298-8B45-40EE-A4B0-230A01D24F75}.Release|Any CPU.ActiveCfg = Release|Any CPU
		{D1DAB298-8B45-40EE-A4B0-230A01D24F75}.Release|Any CPU.Build.0 = Release|Any CPU
		{D1DAB298-8B45-40EE-A4B0-230A01D24F75}.Release|Mixed Platforms.ActiveCfg = Release|Any CPU
		{D1DAB298-8B45-40EE-A4B0-230A01D24F75}.Release|Mixed Platforms.Build.0 = Release|Any CPU
		{D1DAB298-8B45-40EE-A4B0-230A01D24F75}.Release|x86.ActiveCfg = Release|Any CPU
		{BCF3896F-A537-4D74-AF85-D53607D0CC02}.Debug|Any CPU.ActiveCfg = Debug|Any CPU
		{BCF3896F-A537-4D74-AF85-D53607D0CC02}.Debug|Any CPU.Build.0 = Debug|Any CPU
		{BCF3896F-A537-4D74-AF85-D53607D0CC02}.Debug|Mixed Platforms.ActiveCfg = Debug|Any CPU
		{BCF3896F-A537-4D74-AF85-D53607D0CC02}.Debug|Mixed Platforms.Build.0 = Debug|Any CPU
		{BCF3896F-A537-4D74-AF85-D53607D0CC02}.Debug|x86.ActiveCfg = Debug|Any CPU
		{BCF3896F-A537-4D74-AF85-D53607D0CC02}.N35|Any CPU.ActiveCfg = Release|Any CPU
		{BCF3896F-A537-4D74-AF85-D53607D0CC02}.N35|Any CPU.Build.0 = Release|Any CPU
		{BCF3896F-A537-4D74-AF85-D53607D0CC02}.N35|Mixed Platforms.ActiveCfg = Release|Any CPU
		{BCF3896F-A537-4D74-AF85-D53607D0CC02}.N35|Mixed Platforms.Build.0 = Release|Any CPU
		{BCF3896F-A537-4D74-AF85-D53607D0CC02}.N35|x86.ActiveCfg = Release|Any CPU
		{BCF3896F-A537-4D74-AF85-D53607D0CC02}.N40|Any CPU.ActiveCfg = Release|Any CPU
		{BCF3896F-A537-4D74-AF85-D53607D0CC02}.N40|Any CPU.Build.0 = Release|Any CPU
		{BCF3896F-A537-4D74-AF85-D53607D0CC02}.N40|Mixed Platforms.ActiveCfg = Release|Any CPU
		{BCF3896F-A537-4D74-AF85-D53607D0CC02}.N40|Mixed Platforms.Build.0 = Release|Any CPU
		{BCF3896F-A537-4D74-AF85-D53607D0CC02}.N40|x86.ActiveCfg = Release|Any CPU
		{BCF3896F-A537-4D74-AF85-D53607D0CC02}.N45|Any CPU.ActiveCfg = Release|Any CPU
		{BCF3896F-A537-4D74-AF85-D53607D0CC02}.N45|Any CPU.Build.0 = Release|Any CPU
		{BCF3896F-A537-4D74-AF85-D53607D0CC02}.N45|Mixed Platforms.ActiveCfg = Release|Any CPU
		{BCF3896F-A537-4D74-AF85-D53607D0CC02}.N45|Mixed Platforms.Build.0 = Release|Any CPU
		{BCF3896F-A537-4D74-AF85-D53607D0CC02}.N45|x86.ActiveCfg = Release|Any CPU
		{BCF3896F-A537-4D74-AF85-D53607D0CC02}.Release|Any CPU.ActiveCfg = Release|Any CPU
		{BCF3896F-A537-4D74-AF85-D53607D0CC02}.Release|Any CPU.Build.0 = Release|Any CPU
		{BCF3896F-A537-4D74-AF85-D53607D0CC02}.Release|Mixed Platforms.ActiveCfg = Release|Any CPU
		{BCF3896F-A537-4D74-AF85-D53607D0CC02}.Release|Mixed Platforms.Build.0 = Release|Any CPU
		{BCF3896F-A537-4D74-AF85-D53607D0CC02}.Release|x86.ActiveCfg = Release|Any CPU
		{6B388BA1-E4FC-4D54-8EF9-C13A024DB951}.Debug|Any CPU.ActiveCfg = Debug|Any CPU
		{6B388BA1-E4FC-4D54-8EF9-C13A024DB951}.Debug|Any CPU.Build.0 = Debug|Any CPU
		{6B388BA1-E4FC-4D54-8EF9-C13A024DB951}.Debug|Mixed Platforms.ActiveCfg = Debug|Any CPU
		{6B388BA1-E4FC-4D54-8EF9-C13A024DB951}.Debug|Mixed Platforms.Build.0 = Debug|Any CPU
		{6B388BA1-E4FC-4D54-8EF9-C13A024DB951}.Debug|x86.ActiveCfg = Debug|Any CPU
		{6B388BA1-E4FC-4D54-8EF9-C13A024DB951}.N35|Any CPU.ActiveCfg = N45|Any CPU
		{6B388BA1-E4FC-4D54-8EF9-C13A024DB951}.N35|Any CPU.Build.0 = N45|Any CPU
		{6B388BA1-E4FC-4D54-8EF9-C13A024DB951}.N35|Mixed Platforms.ActiveCfg = N45|Any CPU
		{6B388BA1-E4FC-4D54-8EF9-C13A024DB951}.N35|Mixed Platforms.Build.0 = N45|Any CPU
		{6B388BA1-E4FC-4D54-8EF9-C13A024DB951}.N35|x86.ActiveCfg = N45|Any CPU
		{6B388BA1-E4FC-4D54-8EF9-C13A024DB951}.N40|Any CPU.ActiveCfg = N45|Any CPU
		{6B388BA1-E4FC-4D54-8EF9-C13A024DB951}.N40|Any CPU.Build.0 = N45|Any CPU
		{6B388BA1-E4FC-4D54-8EF9-C13A024DB951}.N40|Mixed Platforms.ActiveCfg = N45|Any CPU
		{6B388BA1-E4FC-4D54-8EF9-C13A024DB951}.N40|Mixed Platforms.Build.0 = N45|Any CPU
		{6B388BA1-E4FC-4D54-8EF9-C13A024DB951}.N40|x86.ActiveCfg = N45|Any CPU
		{6B388BA1-E4FC-4D54-8EF9-C13A024DB951}.N45|Any CPU.ActiveCfg = N45|Any CPU
		{6B388BA1-E4FC-4D54-8EF9-C13A024DB951}.N45|Any CPU.Build.0 = N45|Any CPU
		{6B388BA1-E4FC-4D54-8EF9-C13A024DB951}.N45|Mixed Platforms.ActiveCfg = N45|Any CPU
		{6B388BA1-E4FC-4D54-8EF9-C13A024DB951}.N45|Mixed Platforms.Build.0 = N45|Any CPU
		{6B388BA1-E4FC-4D54-8EF9-C13A024DB951}.N45|x86.ActiveCfg = N45|Any CPU
		{6B388BA1-E4FC-4D54-8EF9-C13A024DB951}.Release|Any CPU.ActiveCfg = Release|Any CPU
		{6B388BA1-E4FC-4D54-8EF9-C13A024DB951}.Release|Any CPU.Build.0 = Release|Any CPU
		{6B388BA1-E4FC-4D54-8EF9-C13A024DB951}.Release|Mixed Platforms.ActiveCfg = Release|Any CPU
		{6B388BA1-E4FC-4D54-8EF9-C13A024DB951}.Release|Mixed Platforms.Build.0 = Release|Any CPU
		{6B388BA1-E4FC-4D54-8EF9-C13A024DB951}.Release|x86.ActiveCfg = Release|Any CPU
		{28D97F16-8EF6-4A80-8815-19A6ED5E2970}.Debug|Any CPU.ActiveCfg = Debug|Any CPU
		{28D97F16-8EF6-4A80-8815-19A6ED5E2970}.Debug|Any CPU.Build.0 = Debug|Any CPU
		{28D97F16-8EF6-4A80-8815-19A6ED5E2970}.Debug|Mixed Platforms.ActiveCfg = Debug|Any CPU
		{28D97F16-8EF6-4A80-8815-19A6ED5E2970}.Debug|Mixed Platforms.Build.0 = Debug|Any CPU
		{28D97F16-8EF6-4A80-8815-19A6ED5E2970}.Debug|x86.ActiveCfg = Debug|Any CPU
		{28D97F16-8EF6-4A80-8815-19A6ED5E2970}.N35|Any CPU.ActiveCfg = N45|Any CPU
		{28D97F16-8EF6-4A80-8815-19A6ED5E2970}.N35|Any CPU.Build.0 = N45|Any CPU
		{28D97F16-8EF6-4A80-8815-19A6ED5E2970}.N35|Mixed Platforms.ActiveCfg = N45|Any CPU
		{28D97F16-8EF6-4A80-8815-19A6ED5E2970}.N35|Mixed Platforms.Build.0 = N45|Any CPU
		{28D97F16-8EF6-4A80-8815-19A6ED5E2970}.N35|x86.ActiveCfg = N45|Any CPU
		{28D97F16-8EF6-4A80-8815-19A6ED5E2970}.N40|Any CPU.ActiveCfg = N45|Any CPU
		{28D97F16-8EF6-4A80-8815-19A6ED5E2970}.N40|Any CPU.Build.0 = N45|Any CPU
		{28D97F16-8EF6-4A80-8815-19A6ED5E2970}.N40|Mixed Platforms.ActiveCfg = N45|Any CPU
		{28D97F16-8EF6-4A80-8815-19A6ED5E2970}.N40|Mixed Platforms.Build.0 = N45|Any CPU
		{28D97F16-8EF6-4A80-8815-19A6ED5E2970}.N40|x86.ActiveCfg = N45|Any CPU
		{28D97F16-8EF6-4A80-8815-19A6ED5E2970}.N45|Any CPU.ActiveCfg = N45|Any CPU
		{28D97F16-8EF6-4A80-8815-19A6ED5E2970}.N45|Any CPU.Build.0 = N45|Any CPU
		{28D97F16-8EF6-4A80-8815-19A6ED5E2970}.N45|Mixed Platforms.ActiveCfg = N45|Any CPU
		{28D97F16-8EF6-4A80-8815-19A6ED5E2970}.N45|Mixed Platforms.Build.0 = N45|Any CPU
		{28D97F16-8EF6-4A80-8815-19A6ED5E2970}.N45|x86.ActiveCfg = N45|Any CPU
		{28D97F16-8EF6-4A80-8815-19A6ED5E2970}.Release|Any CPU.ActiveCfg = Release|Any CPU
		{28D97F16-8EF6-4A80-8815-19A6ED5E2970}.Release|Any CPU.Build.0 = Release|Any CPU
		{28D97F16-8EF6-4A80-8815-19A6ED5E2970}.Release|Mixed Platforms.ActiveCfg = Release|Any CPU
		{28D97F16-8EF6-4A80-8815-19A6ED5E2970}.Release|Mixed Platforms.Build.0 = Release|Any CPU
		{28D97F16-8EF6-4A80-8815-19A6ED5E2970}.Release|x86.ActiveCfg = Release|Any CPU
		{690E2BC3-2461-4242-B5E0-79851F960D4D}.Debug|Any CPU.ActiveCfg = Debug|Any CPU
		{690E2BC3-2461-4242-B5E0-79851F960D4D}.Debug|Any CPU.Build.0 = Debug|Any CPU
		{690E2BC3-2461-4242-B5E0-79851F960D4D}.Debug|Mixed Platforms.ActiveCfg = Debug|Any CPU
		{690E2BC3-2461-4242-B5E0-79851F960D4D}.Debug|Mixed Platforms.Build.0 = Debug|Any CPU
		{690E2BC3-2461-4242-B5E0-79851F960D4D}.Debug|x86.ActiveCfg = Debug|Any CPU
		{690E2BC3-2461-4242-B5E0-79851F960D4D}.Debug|x86.Build.0 = Debug|Any CPU
		{690E2BC3-2461-4242-B5E0-79851F960D4D}.N35|Any CPU.ActiveCfg = Release|Any CPU
		{690E2BC3-2461-4242-B5E0-79851F960D4D}.N35|Any CPU.Build.0 = Release|Any CPU
		{690E2BC3-2461-4242-B5E0-79851F960D4D}.N35|Mixed Platforms.ActiveCfg = Release|Any CPU
		{690E2BC3-2461-4242-B5E0-79851F960D4D}.N35|Mixed Platforms.Build.0 = Release|Any CPU
		{690E2BC3-2461-4242-B5E0-79851F960D4D}.N35|x86.ActiveCfg = Release|Any CPU
		{690E2BC3-2461-4242-B5E0-79851F960D4D}.N35|x86.Build.0 = Release|Any CPU
		{690E2BC3-2461-4242-B5E0-79851F960D4D}.N40|Any CPU.ActiveCfg = Release|Any CPU
		{690E2BC3-2461-4242-B5E0-79851F960D4D}.N40|Any CPU.Build.0 = Release|Any CPU
		{690E2BC3-2461-4242-B5E0-79851F960D4D}.N40|Mixed Platforms.ActiveCfg = Release|Any CPU
		{690E2BC3-2461-4242-B5E0-79851F960D4D}.N40|Mixed Platforms.Build.0 = Release|Any CPU
		{690E2BC3-2461-4242-B5E0-79851F960D4D}.N40|x86.ActiveCfg = Release|Any CPU
		{690E2BC3-2461-4242-B5E0-79851F960D4D}.N40|x86.Build.0 = Release|Any CPU
		{690E2BC3-2461-4242-B5E0-79851F960D4D}.N45|Any CPU.ActiveCfg = Release|Any CPU
		{690E2BC3-2461-4242-B5E0-79851F960D4D}.N45|Any CPU.Build.0 = Release|Any CPU
		{690E2BC3-2461-4242-B5E0-79851F960D4D}.N45|Mixed Platforms.ActiveCfg = Release|Any CPU
		{690E2BC3-2461-4242-B5E0-79851F960D4D}.N45|Mixed Platforms.Build.0 = Release|Any CPU
		{690E2BC3-2461-4242-B5E0-79851F960D4D}.N45|x86.ActiveCfg = Release|Any CPU
		{690E2BC3-2461-4242-B5E0-79851F960D4D}.N45|x86.Build.0 = Release|Any CPU
		{690E2BC3-2461-4242-B5E0-79851F960D4D}.Release|Any CPU.ActiveCfg = Release|Any CPU
		{690E2BC3-2461-4242-B5E0-79851F960D4D}.Release|Any CPU.Build.0 = Release|Any CPU
		{690E2BC3-2461-4242-B5E0-79851F960D4D}.Release|Mixed Platforms.ActiveCfg = Release|Any CPU
		{690E2BC3-2461-4242-B5E0-79851F960D4D}.Release|Mixed Platforms.Build.0 = Release|Any CPU
		{690E2BC3-2461-4242-B5E0-79851F960D4D}.Release|x86.ActiveCfg = Release|Any CPU
		{690E2BC3-2461-4242-B5E0-79851F960D4D}.Release|x86.Build.0 = Release|Any CPU
		{2FCDF54E-09B1-4E01-B1B4-870CFB355502}.Debug|Any CPU.ActiveCfg = Debug|Any CPU
		{2FCDF54E-09B1-4E01-B1B4-870CFB355502}.Debug|Any CPU.Build.0 = Debug|Any CPU
		{2FCDF54E-09B1-4E01-B1B4-870CFB355502}.Debug|Mixed Platforms.ActiveCfg = Debug|Any CPU
		{2FCDF54E-09B1-4E01-B1B4-870CFB355502}.Debug|Mixed Platforms.Build.0 = Debug|Any CPU
		{2FCDF54E-09B1-4E01-B1B4-870CFB355502}.Debug|x86.ActiveCfg = Debug|Any CPU
		{2FCDF54E-09B1-4E01-B1B4-870CFB355502}.Debug|x86.Build.0 = Debug|Any CPU
		{2FCDF54E-09B1-4E01-B1B4-870CFB355502}.N35|Any CPU.ActiveCfg = Release|Any CPU
		{2FCDF54E-09B1-4E01-B1B4-870CFB355502}.N35|Any CPU.Build.0 = Release|Any CPU
		{2FCDF54E-09B1-4E01-B1B4-870CFB355502}.N35|Mixed Platforms.ActiveCfg = Release|Any CPU
		{2FCDF54E-09B1-4E01-B1B4-870CFB355502}.N35|Mixed Platforms.Build.0 = Release|Any CPU
		{2FCDF54E-09B1-4E01-B1B4-870CFB355502}.N35|x86.ActiveCfg = Release|Any CPU
		{2FCDF54E-09B1-4E01-B1B4-870CFB355502}.N35|x86.Build.0 = Release|Any CPU
		{2FCDF54E-09B1-4E01-B1B4-870CFB355502}.N40|Any CPU.ActiveCfg = Release|Any CPU
		{2FCDF54E-09B1-4E01-B1B4-870CFB355502}.N40|Any CPU.Build.0 = Release|Any CPU
		{2FCDF54E-09B1-4E01-B1B4-870CFB355502}.N40|Mixed Platforms.ActiveCfg = Release|Any CPU
		{2FCDF54E-09B1-4E01-B1B4-870CFB355502}.N40|Mixed Platforms.Build.0 = Release|Any CPU
		{2FCDF54E-09B1-4E01-B1B4-870CFB355502}.N40|x86.ActiveCfg = Release|Any CPU
		{2FCDF54E-09B1-4E01-B1B4-870CFB355502}.N40|x86.Build.0 = Release|Any CPU
		{2FCDF54E-09B1-4E01-B1B4-870CFB355502}.N45|Any CPU.ActiveCfg = Release|Any CPU
		{2FCDF54E-09B1-4E01-B1B4-870CFB355502}.N45|Any CPU.Build.0 = Release|Any CPU
		{2FCDF54E-09B1-4E01-B1B4-870CFB355502}.N45|Mixed Platforms.ActiveCfg = Release|Any CPU
		{2FCDF54E-09B1-4E01-B1B4-870CFB355502}.N45|Mixed Platforms.Build.0 = Release|Any CPU
		{2FCDF54E-09B1-4E01-B1B4-870CFB355502}.N45|x86.ActiveCfg = Release|Any CPU
		{2FCDF54E-09B1-4E01-B1B4-870CFB355502}.N45|x86.Build.0 = Release|Any CPU
		{2FCDF54E-09B1-4E01-B1B4-870CFB355502}.Release|Any CPU.ActiveCfg = Release|Any CPU
		{2FCDF54E-09B1-4E01-B1B4-870CFB355502}.Release|Any CPU.Build.0 = Release|Any CPU
		{2FCDF54E-09B1-4E01-B1B4-870CFB355502}.Release|Mixed Platforms.ActiveCfg = Release|Any CPU
		{2FCDF54E-09B1-4E01-B1B4-870CFB355502}.Release|Mixed Platforms.Build.0 = Release|Any CPU
		{2FCDF54E-09B1-4E01-B1B4-870CFB355502}.Release|x86.ActiveCfg = Release|Any CPU
		{2FCDF54E-09B1-4E01-B1B4-870CFB355502}.Release|x86.Build.0 = Release|Any CPU
	EndGlobalSection
	GlobalSection(SolutionProperties) = preSolution
		HideSolutionNode = FALSE
	EndGlobalSection
	GlobalSection(NestedProjects) = preSolution
		{28AED611-D2E8-4CE9-BC30-FAF5B8FF0EFC} = {A8099A98-CC48-485A-9FC8-21C6479370BF}
		{0DB77BAB-B4FB-40C6-A2EF-2BE8A4D69884} = {94E3E76E-169D-442E-B30A-C842EDD8D288}
		{E7F5E55D-9D1E-43A2-9EC0-7770B6AA9D57} = {A8099A98-CC48-485A-9FC8-21C6479370BF}
		{F1BF8FF4-D3D6-41D0-94C0-244940D425BA} = {B6F78F1B-570C-43AD-9A25-8FAD9C2919D6}
		{A7063A78-F742-4941-954B-064AB675EF35} = {B6F78F1B-570C-43AD-9A25-8FAD9C2919D6}
		{CF570271-75F4-4900-9457-3F502BB794DF} = {B6F78F1B-570C-43AD-9A25-8FAD9C2919D6}
		{524484D8-0C2D-428A-8482-8042A0C4FDDE} = {952FCFD6-4E53-47F9-ABD2-1FD32212F06B}
		{92F83A09-4848-4D84-A5EE-48F397ADEADA} = {952FCFD6-4E53-47F9-ABD2-1FD32212F06B}
		{3038DF26-B67C-49FD-A8F0-D45945CFA577} = {B6F78F1B-570C-43AD-9A25-8FAD9C2919D6}
		{FC84C432-37AB-4DC6-83DB-36711AB13CE4} = {A8099A98-CC48-485A-9FC8-21C6479370BF}
		{31713B5D-B7ED-4CA4-8648-F1C8A1298449} = {952FCFD6-4E53-47F9-ABD2-1FD32212F06B}
		{AEAC5BBA-674E-4F57-B9C3-A3C84C06C7E6} = {B6F78F1B-570C-43AD-9A25-8FAD9C2919D6}
		{CB706435-99D5-4518-8419-E549B2FA6312} = {D0028E7C-1301-46E5-8590-E494AF59081F}
		{14B63566-CBE7-4119-9D1D-49A1C047816D} = {D0028E7C-1301-46E5-8590-E494AF59081F}
		{1F255E59-DA57-435A-B2F6-1B7322323B56} = {B6F78F1B-570C-43AD-9A25-8FAD9C2919D6}
		{30C7671E-F63B-47C5-A4A7-372F69794E05} = {94E3E76E-169D-442E-B30A-C842EDD8D288}
		{20170C8D-7590-4428-A0B5-F91F97E107DA} = {A672DD70-B7F5-42F2-894E-E8F9DA52A253}
		{4F813935-EC69-4110-B179-D7F43FE772A5} = {D0028E7C-1301-46E5-8590-E494AF59081F}
		{666F4B6A-5C3B-4A7D-A700-A8AFD0CFD11E} = {D0028E7C-1301-46E5-8590-E494AF59081F}
		{D1DAB298-8B45-40EE-A4B0-230A01D24F75} = {21A9540D-049C-48A9-BD93-0CEA0FBF03BC}
		{BCF3896F-A537-4D74-AF85-D53607D0CC02} = {B6F78F1B-570C-43AD-9A25-8FAD9C2919D6}
		{6B388BA1-E4FC-4D54-8EF9-C13A024DB951} = {21A9540D-049C-48A9-BD93-0CEA0FBF03BC}
		{28D97F16-8EF6-4A80-8815-19A6ED5E2970} = {B6F78F1B-570C-43AD-9A25-8FAD9C2919D6}
		{2C14EB65-8022-4C09-9957-DFF8A18140BC} = {F64BA300-3D9E-4A70-8097-AA21783ED6F4}
		{77489FA9-F939-49C9-978F-31891C86BD60} = {F64BA300-3D9E-4A70-8097-AA21783ED6F4}
		{FC11BDA2-74AF-4F25-8082-707CCEE96922} = {F64BA300-3D9E-4A70-8097-AA21783ED6F4}
		{B625B262-780F-457D-9AA2-3029DDB821A8} = {F64BA300-3D9E-4A70-8097-AA21783ED6F4}
		{690E2BC3-2461-4242-B5E0-79851F960D4D} = {9765E4EA-DCD3-42BA-BFD8-B7BA073B09CD}
		{9765E4EA-DCD3-42BA-BFD8-B7BA073B09CD} = {B6F78F1B-570C-43AD-9A25-8FAD9C2919D6}
		{2FCDF54E-09B1-4E01-B1B4-870CFB355502} = {9765E4EA-DCD3-42BA-BFD8-B7BA073B09CD}
	EndGlobalSection
EndGlobal
